// !$*UTF8*$!
{
	archiveVersion = 1;
	classes = {
	};
	objectVersion = 50;
	objects = {

/* Begin PBXBuildFile section */
		0FD6A2142BCA2FF33E377819 /* Pods_ipar.framework in Frameworks */ = {isa = PBXBuildFile; fileRef = 848CB93BAD9D2E3DC35D94F2 /* Pods_ipar.framework */; };
		CA8DBF5723550DDA00A1641B /* AppDelegate.swift in Sources */ = {isa = PBXBuildFile; fileRef = CA8DBF5623550DDA00A1641B /* AppDelegate.swift */; };
		CA8DBF6023550DDB00A1641B /* Assets.xcassets in Resources */ = {isa = PBXBuildFile; fileRef = CA8DBF5F23550DDB00A1641B /* Assets.xcassets */; };
		CA8DBF6323550DDB00A1641B /* LaunchScreen.storyboard in Resources */ = {isa = PBXBuildFile; fileRef = CA8DBF6123550DDB00A1641B /* LaunchScreen.storyboard */; };
		F612426B2365E9E400C18009 /* Keychain.swift in Sources */ = {isa = PBXBuildFile; fileRef = F612426A2365E9E400C18009 /* Keychain.swift */; };
		F61242B22367306500C18009 /* MainTabBarViewController.swift in Sources */ = {isa = PBXBuildFile; fileRef = F61242B12367306500C18009 /* MainTabBarViewController.swift */; };
		F61242B92368DA0300C18009 /* LoginProtocols.swift in Sources */ = {isa = PBXBuildFile; fileRef = F61242B42368DA0300C18009 /* LoginProtocols.swift */; };
		F61242BA2368DA0300C18009 /* LoginPresenter.swift in Sources */ = {isa = PBXBuildFile; fileRef = F61242B52368DA0300C18009 /* LoginPresenter.swift */; };
		F61242BB2368DA0300C18009 /* LoginConfigurator.swift in Sources */ = {isa = PBXBuildFile; fileRef = F61242B62368DA0300C18009 /* LoginConfigurator.swift */; };
		F61242BC2368DA0300C18009 /* LoginViewController.swift in Sources */ = {isa = PBXBuildFile; fileRef = F61242B72368DA0300C18009 /* LoginViewController.swift */; };
		F61242BD2368DA0300C18009 /* LoginInteractor.swift in Sources */ = {isa = PBXBuildFile; fileRef = F61242B82368DA0300C18009 /* LoginInteractor.swift */; };
		F61242C22368DD2200C18009 /* LoginViewController.xib in Resources */ = {isa = PBXBuildFile; fileRef = F61242C12368DAAC00C18009 /* LoginViewController.xib */; };
		F61242C42368DF5100C18009 /* LoginUser.swift in Sources */ = {isa = PBXBuildFile; fileRef = F61242C32368DF5100C18009 /* LoginUser.swift */; };
		F620F0982363C11A006EDE9B /* AuthViewController.swift in Sources */ = {isa = PBXBuildFile; fileRef = F620F0962363C11A006EDE9B /* AuthViewController.swift */; };
		F620F0992363C11A006EDE9B /* AuthViewController.xib in Resources */ = {isa = PBXBuildFile; fileRef = F620F0972363C11A006EDE9B /* AuthViewController.xib */; };
		F620F09C2363C4D0006EDE9B /* AuthProtocols.swift in Sources */ = {isa = PBXBuildFile; fileRef = F620F09B2363C4D0006EDE9B /* AuthProtocols.swift */; };
		F620F09E2363C92D006EDE9B /* AuthConfigurator.swift in Sources */ = {isa = PBXBuildFile; fileRef = F620F09D2363C92D006EDE9B /* AuthConfigurator.swift */; };
		F620F0A02363C94F006EDE9B /* AuthPresenter.swift in Sources */ = {isa = PBXBuildFile; fileRef = F620F09F2363C94F006EDE9B /* AuthPresenter.swift */; };
		F620F0A22363CBD8006EDE9B /* AuthRouter.swift in Sources */ = {isa = PBXBuildFile; fileRef = F620F0A12363CBD8006EDE9B /* AuthRouter.swift */; };
		F620F0A72364ABC6006EDE9B /* SignUpProtocols.swift in Sources */ = {isa = PBXBuildFile; fileRef = F620F0A62364ABC6006EDE9B /* SignUpProtocols.swift */; };
		F620F0A92364ACBA006EDE9B /* SignUpPresenter.swift in Sources */ = {isa = PBXBuildFile; fileRef = F620F0A82364ACBA006EDE9B /* SignUpPresenter.swift */; };
		F620F0AB2364ACC9006EDE9B /* SignUpInteractor.swift in Sources */ = {isa = PBXBuildFile; fileRef = F620F0AA2364ACC9006EDE9B /* SignUpInteractor.swift */; };
		F620F0B02364ACFC006EDE9B /* User.swift in Sources */ = {isa = PBXBuildFile; fileRef = F620F0AF2364ACFC006EDE9B /* User.swift */; };
		F620F0B22364AECD006EDE9B /* SignUpConfigurator.swift in Sources */ = {isa = PBXBuildFile; fileRef = F620F0B12364AECD006EDE9B /* SignUpConfigurator.swift */; };
		F64D20242364B9FB003BBE52 /* SignUpViewController.swift in Sources */ = {isa = PBXBuildFile; fileRef = F64D20232364B9FB003BBE52 /* SignUpViewController.swift */; };
		F64D20282364FA35003BBE52 /* HTTPRequest.swift in Sources */ = {isa = PBXBuildFile; fileRef = F64D20272364FA35003BBE52 /* HTTPRequest.swift */; };
		F64D202923650A93003BBE52 /* SignUpViewController.xib in Resources */ = {isa = PBXBuildFile; fileRef = F620F0A42364ABAB006EDE9B /* SignUpViewController.xib */; };
/* End PBXBuildFile section */

/* Begin PBXFileReference section */
		079A4418A67D83FDB0029B6D /* Pods-ipar.debug.xcconfig */ = {isa = PBXFileReference; includeInIndex = 1; lastKnownFileType = text.xcconfig; name = "Pods-ipar.debug.xcconfig"; path = "Pods/Target Support Files/Pods-ipar/Pods-ipar.debug.xcconfig"; sourceTree = "<group>"; };
		848CB93BAD9D2E3DC35D94F2 /* Pods_ipar.framework */ = {isa = PBXFileReference; explicitFileType = wrapper.framework; includeInIndex = 0; path = Pods_ipar.framework; sourceTree = BUILT_PRODUCTS_DIR; };
		CA8DBF5323550DDA00A1641B /* ipar.app */ = {isa = PBXFileReference; explicitFileType = wrapper.application; includeInIndex = 0; path = ipar.app; sourceTree = BUILT_PRODUCTS_DIR; };
		CA8DBF5623550DDA00A1641B /* AppDelegate.swift */ = {isa = PBXFileReference; lastKnownFileType = sourcecode.swift; path = AppDelegate.swift; sourceTree = "<group>"; };
		CA8DBF5F23550DDB00A1641B /* Assets.xcassets */ = {isa = PBXFileReference; lastKnownFileType = folder.assetcatalog; path = Assets.xcassets; sourceTree = "<group>"; };
		CA8DBF6223550DDB00A1641B /* Base */ = {isa = PBXFileReference; lastKnownFileType = file.storyboard; name = Base; path = Base.lproj/LaunchScreen.storyboard; sourceTree = "<group>"; };
		CA8DBF6423550DDB00A1641B /* Info.plist */ = {isa = PBXFileReference; lastKnownFileType = text.plist.xml; path = Info.plist; sourceTree = "<group>"; };
		F39C205AE438D2316B34194F /* Pods-ipar.release.xcconfig */ = {isa = PBXFileReference; includeInIndex = 1; lastKnownFileType = text.xcconfig; name = "Pods-ipar.release.xcconfig"; path = "Pods/Target Support Files/Pods-ipar/Pods-ipar.release.xcconfig"; sourceTree = "<group>"; };
		F612426A2365E9E400C18009 /* Keychain.swift */ = {isa = PBXFileReference; lastKnownFileType = sourcecode.swift; path = Keychain.swift; sourceTree = "<group>"; };
		F61242B12367306500C18009 /* MainTabBarViewController.swift */ = {isa = PBXFileReference; lastKnownFileType = sourcecode.swift; path = MainTabBarViewController.swift; sourceTree = "<group>"; };
		F61242B42368DA0300C18009 /* LoginProtocols.swift */ = {isa = PBXFileReference; fileEncoding = 4; lastKnownFileType = sourcecode.swift; path = LoginProtocols.swift; sourceTree = "<group>"; };
		F61242B52368DA0300C18009 /* LoginPresenter.swift */ = {isa = PBXFileReference; fileEncoding = 4; lastKnownFileType = sourcecode.swift; path = LoginPresenter.swift; sourceTree = "<group>"; };
		F61242B62368DA0300C18009 /* LoginConfigurator.swift */ = {isa = PBXFileReference; fileEncoding = 4; lastKnownFileType = sourcecode.swift; path = LoginConfigurator.swift; sourceTree = "<group>"; };
		F61242B72368DA0300C18009 /* LoginViewController.swift */ = {isa = PBXFileReference; fileEncoding = 4; lastKnownFileType = sourcecode.swift; path = LoginViewController.swift; sourceTree = "<group>"; };
		F61242B82368DA0300C18009 /* LoginInteractor.swift */ = {isa = PBXFileReference; fileEncoding = 4; lastKnownFileType = sourcecode.swift; path = LoginInteractor.swift; sourceTree = "<group>"; };
		F61242C12368DAAC00C18009 /* LoginViewController.xib */ = {isa = PBXFileReference; lastKnownFileType = file.xib; name = LoginViewController.xib; path = /Users/iamfrommoscow/Desktop/iOSipar/ipar/ipar/Login/LoginViewController.xib; sourceTree = "<absolute>"; };
		F61242C32368DF5100C18009 /* LoginUser.swift */ = {isa = PBXFileReference; lastKnownFileType = sourcecode.swift; path = LoginUser.swift; sourceTree = "<group>"; };
		F620F0962363C11A006EDE9B /* AuthViewController.swift */ = {isa = PBXFileReference; lastKnownFileType = sourcecode.swift; path = AuthViewController.swift; sourceTree = "<group>"; };
		F620F0972363C11A006EDE9B /* AuthViewController.xib */ = {isa = PBXFileReference; lastKnownFileType = file.xib; path = AuthViewController.xib; sourceTree = "<group>"; };
		F620F09B2363C4D0006EDE9B /* AuthProtocols.swift */ = {isa = PBXFileReference; lastKnownFileType = sourcecode.swift; path = AuthProtocols.swift; sourceTree = "<group>"; };
		F620F09D2363C92D006EDE9B /* AuthConfigurator.swift */ = {isa = PBXFileReference; lastKnownFileType = sourcecode.swift; path = AuthConfigurator.swift; sourceTree = "<group>"; };
		F620F09F2363C94F006EDE9B /* AuthPresenter.swift */ = {isa = PBXFileReference; lastKnownFileType = sourcecode.swift; path = AuthPresenter.swift; sourceTree = "<group>"; };
		F620F0A12363CBD8006EDE9B /* AuthRouter.swift */ = {isa = PBXFileReference; lastKnownFileType = sourcecode.swift; path = AuthRouter.swift; sourceTree = "<group>"; };
		F620F0A42364ABAB006EDE9B /* SignUpViewController.xib */ = {isa = PBXFileReference; lastKnownFileType = file.xib; path = SignUpViewController.xib; sourceTree = "<group>"; };
		F620F0A62364ABC6006EDE9B /* SignUpProtocols.swift */ = {isa = PBXFileReference; lastKnownFileType = sourcecode.swift; path = SignUpProtocols.swift; sourceTree = "<group>"; };
		F620F0A82364ACBA006EDE9B /* SignUpPresenter.swift */ = {isa = PBXFileReference; lastKnownFileType = sourcecode.swift; path = SignUpPresenter.swift; sourceTree = "<group>"; };
		F620F0AA2364ACC9006EDE9B /* SignUpInteractor.swift */ = {isa = PBXFileReference; lastKnownFileType = sourcecode.swift; path = SignUpInteractor.swift; sourceTree = "<group>"; };
		F620F0AF2364ACFC006EDE9B /* User.swift */ = {isa = PBXFileReference; lastKnownFileType = sourcecode.swift; path = User.swift; sourceTree = "<group>"; };
		F620F0B12364AECD006EDE9B /* SignUpConfigurator.swift */ = {isa = PBXFileReference; lastKnownFileType = sourcecode.swift; path = SignUpConfigurator.swift; sourceTree = "<group>"; };
		F64D20232364B9FB003BBE52 /* SignUpViewController.swift */ = {isa = PBXFileReference; lastKnownFileType = sourcecode.swift; path = SignUpViewController.swift; sourceTree = "<group>"; };
		F64D20272364FA35003BBE52 /* HTTPRequest.swift */ = {isa = PBXFileReference; lastKnownFileType = sourcecode.swift; path = HTTPRequest.swift; sourceTree = "<group>"; };
/* End PBXFileReference section */

/* Begin PBXFrameworksBuildPhase section */
		CA8DBF5023550DDA00A1641B /* Frameworks */ = {
			isa = PBXFrameworksBuildPhase;
			buildActionMask = 2147483647;
			files = (
				0FD6A2142BCA2FF33E377819 /* Pods_ipar.framework in Frameworks */,
			);
			runOnlyForDeploymentPostprocessing = 0;
		};
/* End PBXFrameworksBuildPhase section */

/* Begin PBXGroup section */
		1D8A95559FF9D7E19C5D9DAF /* Pods */ = {
			isa = PBXGroup;
			children = (
				079A4418A67D83FDB0029B6D /* Pods-ipar.debug.xcconfig */,
				F39C205AE438D2316B34194F /* Pods-ipar.release.xcconfig */,
			);
			name = Pods;
			sourceTree = "<group>";
		};
		6E74FEFBD7CE6C6508718B31 /* Frameworks */ = {
			isa = PBXGroup;
			children = (
				848CB93BAD9D2E3DC35D94F2 /* Pods_ipar.framework */,
			);
			name = Frameworks;
			sourceTree = "<group>";
		};
		CA8DBF4A23550DDA00A1641B = {
			isa = PBXGroup;
			children = (
				CA8DBF5523550DDA00A1641B /* ipar */,
				CA8DBF5423550DDA00A1641B /* Products */,
				1D8A95559FF9D7E19C5D9DAF /* Pods */,
				6E74FEFBD7CE6C6508718B31 /* Frameworks */,
			);
			sourceTree = "<group>";
		};
		CA8DBF5423550DDA00A1641B /* Products */ = {
			isa = PBXGroup;
			children = (
				CA8DBF5323550DDA00A1641B /* ipar.app */,
			);
			name = Products;
			sourceTree = "<group>";
		};
		CA8DBF5523550DDA00A1641B /* ipar */ = {
			isa = PBXGroup;
			children = (
				F61242B32368D9EE00C18009 /* Login */,
				CA8DBF5623550DDA00A1641B /* AppDelegate.swift */,
				F64D20252364F9D2003BBE52 /* Utils */,
				F620F09A2363C123006EDE9B /* Auth */,
				F620F0A52364ABAB006EDE9B /* SignUp */,
				F620F0AE2364ACD8006EDE9B /* Entities */,
				CA8DBF5F23550DDB00A1641B /* Assets.xcassets */,
				CA8DBF6123550DDB00A1641B /* LaunchScreen.storyboard */,
				CA8DBF6423550DDB00A1641B /* Info.plist */,
				F61242B12367306500C18009 /* MainTabBarViewController.swift */,
			);
			path = ipar;
			sourceTree = "<group>";
		};
		F612426C2365F00000C18009 /* Keychain */ = {
			isa = PBXGroup;
			children = (
				F612426A2365E9E400C18009 /* Keychain.swift */,
			);
			path = Keychain;
			sourceTree = "<group>";
		};
		F61242B32368D9EE00C18009 /* Login */ = {
			isa = PBXGroup;
			children = (
				F61242B62368DA0300C18009 /* LoginConfigurator.swift */,
				F61242B82368DA0300C18009 /* LoginInteractor.swift */,
				F61242B52368DA0300C18009 /* LoginPresenter.swift */,
				F61242B42368DA0300C18009 /* LoginProtocols.swift */,
				F61242C12368DAAC00C18009 /* LoginViewController.xib */,
				F61242B72368DA0300C18009 /* LoginViewController.swift */,
			);
			path = Login;
			sourceTree = "<group>";
		};
		F620F09A2363C123006EDE9B /* Auth */ = {
			isa = PBXGroup;
			children = (
				F620F09D2363C92D006EDE9B /* AuthConfigurator.swift */,
				F620F0962363C11A006EDE9B /* AuthViewController.swift */,
				F620F0972363C11A006EDE9B /* AuthViewController.xib */,
				F620F09F2363C94F006EDE9B /* AuthPresenter.swift */,
				F620F0A12363CBD8006EDE9B /* AuthRouter.swift */,
				F620F09B2363C4D0006EDE9B /* AuthProtocols.swift */,
			);
			path = Auth;
			sourceTree = "<group>";
		};
		F620F0A52364ABAB006EDE9B /* SignUp */ = {
			isa = PBXGroup;
			children = (
				F64D20232364B9FB003BBE52 /* SignUpViewController.swift */,
				F620F0A42364ABAB006EDE9B /* SignUpViewController.xib */,
				F620F0B12364AECD006EDE9B /* SignUpConfigurator.swift */,
				F620F0A82364ACBA006EDE9B /* SignUpPresenter.swift */,
				F620F0AA2364ACC9006EDE9B /* SignUpInteractor.swift */,
				F620F0A62364ABC6006EDE9B /* SignUpProtocols.swift */,
			);
			name = SignUp;
			path = ..;
			sourceTree = "<group>";
		};
		F620F0AE2364ACD8006EDE9B /* Entities */ = {
			isa = PBXGroup;
			children = (
				F620F0AF2364ACFC006EDE9B /* User.swift */,
				F61242C32368DF5100C18009 /* LoginUser.swift */,
			);
			path = Entities;
			sourceTree = "<group>";
		};
		F64D20252364F9D2003BBE52 /* Utils */ = {
			isa = PBXGroup;
			children = (
				F612426C2365F00000C18009 /* Keychain */,
				F64D20262364F9DE003BBE52 /* Network */,
			);
			path = Utils;
			sourceTree = "<group>";
		};
		F64D20262364F9DE003BBE52 /* Network */ = {
			isa = PBXGroup;
			children = (
				F64D20272364FA35003BBE52 /* HTTPRequest.swift */,
			);
			path = Network;
			sourceTree = "<group>";
		};
/* End PBXGroup section */

/* Begin PBXNativeTarget section */
		CA8DBF5223550DDA00A1641B /* ipar */ = {
			isa = PBXNativeTarget;
			buildConfigurationList = CA8DBF6723550DDB00A1641B /* Build configuration list for PBXNativeTarget "ipar" */;
			buildPhases = (
				0058192050365DDB76F755ED /* [CP] Check Pods Manifest.lock */,
				CA8DBF4F23550DDA00A1641B /* Sources */,
				CA8DBF5023550DDA00A1641B /* Frameworks */,
				CA8DBF5123550DDA00A1641B /* Resources */,
				E93FD805E54759EE7FC882F7 /* [CP] Embed Pods Frameworks */,
			);
			buildRules = (
			);
			dependencies = (
			);
			name = ipar;
			productName = ipar;
			productReference = CA8DBF5323550DDA00A1641B /* ipar.app */;
			productType = "com.apple.product-type.application";
		};
/* End PBXNativeTarget section */

/* Begin PBXProject section */
		CA8DBF4B23550DDA00A1641B /* Project object */ = {
			isa = PBXProject;
			attributes = {
				LastSwiftUpdateCheck = 1110;
				LastUpgradeCheck = 1110;
				ORGANIZATIONNAME = banda;
				TargetAttributes = {
					CA8DBF5223550DDA00A1641B = {
						CreatedOnToolsVersion = 11.1;
					};
				};
			};
			buildConfigurationList = CA8DBF4E23550DDA00A1641B /* Build configuration list for PBXProject "ipar" */;
			compatibilityVersion = "Xcode 9.3";
			developmentRegion = en;
			hasScannedForEncodings = 0;
			knownRegions = (
				en,
				Base,
			);
			mainGroup = CA8DBF4A23550DDA00A1641B;
			productRefGroup = CA8DBF5423550DDA00A1641B /* Products */;
			projectDirPath = "";
			projectRoot = "";
			targets = (
				CA8DBF5223550DDA00A1641B /* ipar */,
			);
		};
/* End PBXProject section */

/* Begin PBXResourcesBuildPhase section */
		CA8DBF5123550DDA00A1641B /* Resources */ = {
			isa = PBXResourcesBuildPhase;
			buildActionMask = 2147483647;
			files = (
				F61242C22368DD2200C18009 /* LoginViewController.xib in Resources */,
				CA8DBF6323550DDB00A1641B /* LaunchScreen.storyboard in Resources */,
				F620F0992363C11A006EDE9B /* AuthViewController.xib in Resources */,
				F64D202923650A93003BBE52 /* SignUpViewController.xib in Resources */,
				CA8DBF6023550DDB00A1641B /* Assets.xcassets in Resources */,
			);
			runOnlyForDeploymentPostprocessing = 0;
		};
/* End PBXResourcesBuildPhase section */

/* Begin PBXShellScriptBuildPhase section */
		0058192050365DDB76F755ED /* [CP] Check Pods Manifest.lock */ = {
			isa = PBXShellScriptBuildPhase;
			buildActionMask = 2147483647;
			files = (
			);
			inputFileListPaths = (
			);
			inputPaths = (
				"${PODS_PODFILE_DIR_PATH}/Podfile.lock",
				"${PODS_ROOT}/Manifest.lock",
			);
			name = "[CP] Check Pods Manifest.lock";
			outputFileListPaths = (
			);
			outputPaths = (
				"$(DERIVED_FILE_DIR)/Pods-ipar-checkManifestLockResult.txt",
			);
			runOnlyForDeploymentPostprocessing = 0;
			shellPath = /bin/sh;
			shellScript = "diff \"${PODS_PODFILE_DIR_PATH}/Podfile.lock\" \"${PODS_ROOT}/Manifest.lock\" > /dev/null\nif [ $? != 0 ] ; then\n    # print error to STDERR\n    echo \"error: The sandbox is not in sync with the Podfile.lock. Run 'pod install' or update your CocoaPods installation.\" >&2\n    exit 1\nfi\n# This output is used by Xcode 'outputs' to avoid re-running this script phase.\necho \"SUCCESS\" > \"${SCRIPT_OUTPUT_FILE_0}\"\n";
			showEnvVarsInLog = 0;
		};
		E93FD805E54759EE7FC882F7 /* [CP] Embed Pods Frameworks */ = {
			isa = PBXShellScriptBuildPhase;
			buildActionMask = 2147483647;
			files = (
			);
			inputFileListPaths = (
			);
			inputPaths = (
				"${SRCROOT}/Pods/Target Support Files/Pods-ipar/Pods-ipar-frameworks.sh",
				"${BUILT_PRODUCTS_DIR}/Alamofire/Alamofire.framework",
				"${BUILT_PRODUCTS_DIR}/KeychainSwift/KeychainSwift.framework",
			);
			name = "[CP] Embed Pods Frameworks";
			outputFileListPaths = (
			);
			outputPaths = (
				"${TARGET_BUILD_DIR}/${FRAMEWORKS_FOLDER_PATH}/Alamofire.framework",
				"${TARGET_BUILD_DIR}/${FRAMEWORKS_FOLDER_PATH}/KeychainSwift.framework",
			);
			runOnlyForDeploymentPostprocessing = 0;
			shellPath = /bin/sh;
			shellScript = "\"${SRCROOT}/Pods/Target Support Files/Pods-ipar/Pods-ipar-frameworks.sh\"\n";
			showEnvVarsInLog = 0;
		};
/* End PBXShellScriptBuildPhase section */

/* Begin PBXSourcesBuildPhase section */
		CA8DBF4F23550DDA00A1641B /* Sources */ = {
			isa = PBXSourcesBuildPhase;
			buildActionMask = 2147483647;
			files = (
				F620F0A92364ACBA006EDE9B /* SignUpPresenter.swift in Sources */,
				F620F0982363C11A006EDE9B /* AuthViewController.swift in Sources */,
				F61242BD2368DA0300C18009 /* LoginInteractor.swift in Sources */,
				F61242BB2368DA0300C18009 /* LoginConfigurator.swift in Sources */,
				F620F0A02363C94F006EDE9B /* AuthPresenter.swift in Sources */,
				F620F0A72364ABC6006EDE9B /* SignUpProtocols.swift in Sources */,
				F612426B2365E9E400C18009 /* Keychain.swift in Sources */,
				F620F0B22364AECD006EDE9B /* SignUpConfigurator.swift in Sources */,
				F61242BC2368DA0300C18009 /* LoginViewController.swift in Sources */,
				F61242C42368DF5100C18009 /* LoginUser.swift in Sources */,
				F620F09E2363C92D006EDE9B /* AuthConfigurator.swift in Sources */,
				F61242B92368DA0300C18009 /* LoginProtocols.swift in Sources */,
				F64D20242364B9FB003BBE52 /* SignUpViewController.swift in Sources */,
				F61242B22367306500C18009 /* MainTabBarViewController.swift in Sources */,
				CA8DBF5723550DDA00A1641B /* AppDelegate.swift in Sources */,
				F61242BA2368DA0300C18009 /* LoginPresenter.swift in Sources */,
				F620F0B02364ACFC006EDE9B /* User.swift in Sources */,
				F620F09C2363C4D0006EDE9B /* AuthProtocols.swift in Sources */,
				F64D20282364FA35003BBE52 /* HTTPRequest.swift in Sources */,
				F620F0AB2364ACC9006EDE9B /* SignUpInteractor.swift in Sources */,
				F620F0A22363CBD8006EDE9B /* AuthRouter.swift in Sources */,
			);
			runOnlyForDeploymentPostprocessing = 0;
		};
/* End PBXSourcesBuildPhase section */

/* Begin PBXVariantGroup section */
		CA8DBF6123550DDB00A1641B /* LaunchScreen.storyboard */ = {
			isa = PBXVariantGroup;
			children = (
				CA8DBF6223550DDB00A1641B /* Base */,
			);
			name = LaunchScreen.storyboard;
			sourceTree = "<group>";
		};
/* End PBXVariantGroup section */

/* Begin XCBuildConfiguration section */
		CA8DBF6523550DDB00A1641B /* Debug */ = {
			isa = XCBuildConfiguration;
			buildSettings = {
				ALWAYS_SEARCH_USER_PATHS = NO;
				CLANG_ANALYZER_NONNULL = YES;
				CLANG_ANALYZER_NUMBER_OBJECT_CONVERSION = YES_AGGRESSIVE;
				CLANG_CXX_LANGUAGE_STANDARD = "gnu++14";
				CLANG_CXX_LIBRARY = "libc++";
				CLANG_ENABLE_MODULES = YES;
				CLANG_ENABLE_OBJC_ARC = YES;
				CLANG_ENABLE_OBJC_WEAK = YES;
				CLANG_WARN_BLOCK_CAPTURE_AUTORELEASING = YES;
				CLANG_WARN_BOOL_CONVERSION = YES;
				CLANG_WARN_COMMA = YES;
				CLANG_WARN_CONSTANT_CONVERSION = YES;
				CLANG_WARN_DEPRECATED_OBJC_IMPLEMENTATIONS = YES;
				CLANG_WARN_DIRECT_OBJC_ISA_USAGE = YES_ERROR;
				CLANG_WARN_DOCUMENTATION_COMMENTS = YES;
				CLANG_WARN_EMPTY_BODY = YES;
				CLANG_WARN_ENUM_CONVERSION = YES;
				CLANG_WARN_INFINITE_RECURSION = YES;
				CLANG_WARN_INT_CONVERSION = YES;
				CLANG_WARN_NON_LITERAL_NULL_CONVERSION = YES;
				CLANG_WARN_OBJC_IMPLICIT_RETAIN_SELF = YES;
				CLANG_WARN_OBJC_LITERAL_CONVERSION = YES;
				CLANG_WARN_OBJC_ROOT_CLASS = YES_ERROR;
				CLANG_WARN_RANGE_LOOP_ANALYSIS = YES;
				CLANG_WARN_STRICT_PROTOTYPES = YES;
				CLANG_WARN_SUSPICIOUS_MOVE = YES;
				CLANG_WARN_UNGUARDED_AVAILABILITY = YES_AGGRESSIVE;
				CLANG_WARN_UNREACHABLE_CODE = YES;
				CLANG_WARN__DUPLICATE_METHOD_MATCH = YES;
				COPY_PHASE_STRIP = NO;
				DEBUG_INFORMATION_FORMAT = dwarf;
				ENABLE_STRICT_OBJC_MSGSEND = YES;
				ENABLE_TESTABILITY = YES;
				GCC_C_LANGUAGE_STANDARD = gnu11;
				GCC_DYNAMIC_NO_PIC = NO;
				GCC_NO_COMMON_BLOCKS = YES;
				GCC_OPTIMIZATION_LEVEL = 0;
				GCC_PREPROCESSOR_DEFINITIONS = (
					"DEBUG=1",
					"$(inherited)",
				);
				GCC_WARN_64_TO_32_BIT_CONVERSION = YES;
				GCC_WARN_ABOUT_RETURN_TYPE = YES_ERROR;
				GCC_WARN_UNDECLARED_SELECTOR = YES;
				GCC_WARN_UNINITIALIZED_AUTOS = YES_AGGRESSIVE;
				GCC_WARN_UNUSED_FUNCTION = YES;
				GCC_WARN_UNUSED_VARIABLE = YES;
				IPHONEOS_DEPLOYMENT_TARGET = 13.1;
				MTL_ENABLE_DEBUG_INFO = INCLUDE_SOURCE;
				MTL_FAST_MATH = YES;
				ONLY_ACTIVE_ARCH = YES;
				SDKROOT = iphoneos;
				SWIFT_ACTIVE_COMPILATION_CONDITIONS = DEBUG;
				SWIFT_OPTIMIZATION_LEVEL = "-Onone";
			};
			name = Debug;
		};
		CA8DBF6623550DDB00A1641B /* Release */ = {
			isa = XCBuildConfiguration;
			buildSettings = {
				ALWAYS_SEARCH_USER_PATHS = NO;
				CLANG_ANALYZER_NONNULL = YES;
				CLANG_ANALYZER_NUMBER_OBJECT_CONVERSION = YES_AGGRESSIVE;
				CLANG_CXX_LANGUAGE_STANDARD = "gnu++14";
				CLANG_CXX_LIBRARY = "libc++";
				CLANG_ENABLE_MODULES = YES;
				CLANG_ENABLE_OBJC_ARC = YES;
				CLANG_ENABLE_OBJC_WEAK = YES;
				CLANG_WARN_BLOCK_CAPTURE_AUTORELEASING = YES;
				CLANG_WARN_BOOL_CONVERSION = YES;
				CLANG_WARN_COMMA = YES;
				CLANG_WARN_CONSTANT_CONVERSION = YES;
				CLANG_WARN_DEPRECATED_OBJC_IMPLEMENTATIONS = YES;
				CLANG_WARN_DIRECT_OBJC_ISA_USAGE = YES_ERROR;
				CLANG_WARN_DOCUMENTATION_COMMENTS = YES;
				CLANG_WARN_EMPTY_BODY = YES;
				CLANG_WARN_ENUM_CONVERSION = YES;
				CLANG_WARN_INFINITE_RECURSION = YES;
				CLANG_WARN_INT_CONVERSION = YES;
				CLANG_WARN_NON_LITERAL_NULL_CONVERSION = YES;
				CLANG_WARN_OBJC_IMPLICIT_RETAIN_SELF = YES;
				CLANG_WARN_OBJC_LITERAL_CONVERSION = YES;
				CLANG_WARN_OBJC_ROOT_CLASS = YES_ERROR;
				CLANG_WARN_RANGE_LOOP_ANALYSIS = YES;
				CLANG_WARN_STRICT_PROTOTYPES = YES;
				CLANG_WARN_SUSPICIOUS_MOVE = YES;
				CLANG_WARN_UNGUARDED_AVAILABILITY = YES_AGGRESSIVE;
				CLANG_WARN_UNREACHABLE_CODE = YES;
				CLANG_WARN__DUPLICATE_METHOD_MATCH = YES;
				COPY_PHASE_STRIP = NO;
				DEBUG_INFORMATION_FORMAT = "dwarf-with-dsym";
				ENABLE_NS_ASSERTIONS = NO;
				ENABLE_STRICT_OBJC_MSGSEND = YES;
				GCC_C_LANGUAGE_STANDARD = gnu11;
				GCC_NO_COMMON_BLOCKS = YES;
				GCC_WARN_64_TO_32_BIT_CONVERSION = YES;
				GCC_WARN_ABOUT_RETURN_TYPE = YES_ERROR;
				GCC_WARN_UNDECLARED_SELECTOR = YES;
				GCC_WARN_UNINITIALIZED_AUTOS = YES_AGGRESSIVE;
				GCC_WARN_UNUSED_FUNCTION = YES;
				GCC_WARN_UNUSED_VARIABLE = YES;
				IPHONEOS_DEPLOYMENT_TARGET = 13.1;
				MTL_ENABLE_DEBUG_INFO = NO;
				MTL_FAST_MATH = YES;
				SDKROOT = iphoneos;
				SWIFT_COMPILATION_MODE = wholemodule;
				SWIFT_OPTIMIZATION_LEVEL = "-O";
				VALIDATE_PRODUCT = YES;
			};
			name = Release;
		};
		CA8DBF6823550DDB00A1641B /* Debug */ = {
			isa = XCBuildConfiguration;
			baseConfigurationReference = 079A4418A67D83FDB0029B6D /* Pods-ipar.debug.xcconfig */;
			buildSettings = {
				ASSETCATALOG_COMPILER_APPICON_NAME = AppIcon;
				CODE_SIGN_STYLE = Automatic;
				INFOPLIST_FILE = ipar/Info.plist;
				IPHONEOS_DEPLOYMENT_TARGET = 10.3;
				LD_RUNPATH_SEARCH_PATHS = (
					"$(inherited)",
					"@executable_path/Frameworks",
				);
				PRODUCT_BUNDLE_IDENTIFIER = com.banda.ipar;
				PRODUCT_NAME = "$(TARGET_NAME)";
				SWIFT_VERSION = 4.2;
				TARGETED_DEVICE_FAMILY = "1,2";
			};
			name = Debug;
		};
		CA8DBF6923550DDB00A1641B /* Release */ = {
			isa = XCBuildConfiguration;
			baseConfigurationReference = F39C205AE438D2316B34194F /* Pods-ipar.release.xcconfig */;
			buildSettings = {
				ASSETCATALOG_COMPILER_APPICON_NAME = AppIcon;
				CODE_SIGN_STYLE = Automatic;
				INFOPLIST_FILE = ipar/Info.plist;
				IPHONEOS_DEPLOYMENT_TARGET = 10.3;
				LD_RUNPATH_SEARCH_PATHS = (
					"$(inherited)",
					"@executable_path/Frameworks",
				);
				PRODUCT_BUNDLE_IDENTIFIER = com.banda.ipar;
				PRODUCT_NAME = "$(TARGET_NAME)";
				SWIFT_VERSION = 4.2;
				TARGETED_DEVICE_FAMILY = "1,2";
			};
			name = Release;
		};
/* End XCBuildConfiguration section */

/* Begin XCConfigurationList section */
		CA8DBF4E23550DDA00A1641B /* Build configuration list for PBXProject "ipar" */ = {
			isa = XCConfigurationList;
			buildConfigurations = (
				CA8DBF6523550DDB00A1641B /* Debug */,
				CA8DBF6623550DDB00A1641B /* Release */,
			);
			defaultConfigurationIsVisible = 0;
			defaultConfigurationName = Release;
		};
		CA8DBF6723550DDB00A1641B /* Build configuration list for PBXNativeTarget "ipar" */ = {
			isa = XCConfigurationList;
			buildConfigurations = (
				CA8DBF6823550DDB00A1641B /* Debug */,
				CA8DBF6923550DDB00A1641B /* Release */,
			);
			defaultConfigurationIsVisible = 0;
			defaultConfigurationName = Release;
		};
/* End XCConfigurationList section */
	};
	rootObject = CA8DBF4B23550DDA00A1641B /* Project object */;
}
