// !$*UTF8*$!
{
	archiveVersion = 1;
	classes = {
	};
	objectVersion = 50;
	objects = {

/* Begin PBXBuildFile section */
		026B263623CDF43A00ABBBC6 /* Model.swift in Sources */ = {isa = PBXBuildFile; fileRef = 026B263523CDF43A00ABBBC6 /* Model.swift */; };
		02ED7A102372AE6A00D69DB0 /* HTTPError.swift in Sources */ = {isa = PBXBuildFile; fileRef = 02ED7A0F2372AE6A00D69DB0 /* HTTPError.swift */; };
		02FBA66B2370485C00CF0A23 /* Validation.swift in Sources */ = {isa = PBXBuildFile; fileRef = 02FBA66A2370485B00CF0A23 /* Validation.swift */; };
		3E54DB9323CD1D1C0073AEEF /* HomeCollectionViewCell.swift in Sources */ = {isa = PBXBuildFile; fileRef = 3E54DB9123CD1D1C0073AEEF /* HomeCollectionViewCell.swift */; };
		3E54DB9423CD1D1C0073AEEF /* HomeCollectionViewCell.xib in Resources */ = {isa = PBXBuildFile; fileRef = 3E54DB9223CD1D1C0073AEEF /* HomeCollectionViewCell.xib */; };
		3E54DB9623CD1D560073AEEF /* HomeConfigurator.swift in Sources */ = {isa = PBXBuildFile; fileRef = 3E54DB9523CD1D560073AEEF /* HomeConfigurator.swift */; };
		3E54DB9823CD1D7B0073AEEF /* HomeInteractor.swift in Sources */ = {isa = PBXBuildFile; fileRef = 3E54DB9723CD1D7A0073AEEF /* HomeInteractor.swift */; };
		3E54DB9A23CD1DAD0073AEEF /* HomePresenter.swift in Sources */ = {isa = PBXBuildFile; fileRef = 3E54DB9923CD1DAD0073AEEF /* HomePresenter.swift */; };
		3E54DB9C23CD1DDB0073AEEF /* HomeProtocols.swift in Sources */ = {isa = PBXBuildFile; fileRef = 3E54DB9B23CD1DDB0073AEEF /* HomeProtocols.swift */; };
		3E54DB9E23CD1DFA0073AEEF /* HomeRouter.swift in Sources */ = {isa = PBXBuildFile; fileRef = 3E54DB9D23CD1DFA0073AEEF /* HomeRouter.swift */; };
		3E54DBA023CD1E570073AEEF /* HomeViewController.swift in Sources */ = {isa = PBXBuildFile; fileRef = 3E54DB9F23CD1E570073AEEF /* HomeViewController.swift */; };
		CA8DBF5723550DDA00A1641B /* AppDelegate.swift in Sources */ = {isa = PBXBuildFile; fileRef = CA8DBF5623550DDA00A1641B /* AppDelegate.swift */; };
		CA8DBF6023550DDB00A1641B /* Assets.xcassets in Resources */ = {isa = PBXBuildFile; fileRef = CA8DBF5F23550DDB00A1641B /* Assets.xcassets */; };
		CA8DBF6323550DDB00A1641B /* LaunchScreen.storyboard in Resources */ = {isa = PBXBuildFile; fileRef = CA8DBF6123550DDB00A1641B /* LaunchScreen.storyboard */; };
		D8F50BC69BD0E29AB7A97FAC /* Pods_ipar.framework in Frameworks */ = {isa = PBXBuildFile; fileRef = A1C9736D01DB1983A975A008 /* Pods_ipar.framework */; };
		F612426B2365E9E400C18009 /* Keychain.swift in Sources */ = {isa = PBXBuildFile; fileRef = F612426A2365E9E400C18009 /* Keychain.swift */; };
		F61242B22367306500C18009 /* MainTabBarViewController.swift in Sources */ = {isa = PBXBuildFile; fileRef = F61242B12367306500C18009 /* MainTabBarViewController.swift */; };
		F61242B92368DA0300C18009 /* LoginProtocols.swift in Sources */ = {isa = PBXBuildFile; fileRef = F61242B42368DA0300C18009 /* LoginProtocols.swift */; };
		F61242BA2368DA0300C18009 /* LoginPresenter.swift in Sources */ = {isa = PBXBuildFile; fileRef = F61242B52368DA0300C18009 /* LoginPresenter.swift */; };
		F61242BB2368DA0300C18009 /* LoginConfigurator.swift in Sources */ = {isa = PBXBuildFile; fileRef = F61242B62368DA0300C18009 /* LoginConfigurator.swift */; };
		F61242BC2368DA0300C18009 /* LoginViewController.swift in Sources */ = {isa = PBXBuildFile; fileRef = F61242B72368DA0300C18009 /* LoginViewController.swift */; };
		F61242BD2368DA0300C18009 /* LoginInteractor.swift in Sources */ = {isa = PBXBuildFile; fileRef = F61242B82368DA0300C18009 /* LoginInteractor.swift */; };
		F61242C42368DF5100C18009 /* LoginUser.swift in Sources */ = {isa = PBXBuildFile; fileRef = F61242C32368DF5100C18009 /* LoginUser.swift */; };
		F61242C7236F50B200C18009 /* UIImage.swift in Sources */ = {isa = PBXBuildFile; fileRef = F61242C6236F50B100C18009 /* UIImage.swift */; };
		F61242C9236F50DF00C18009 /* Encodable.swift in Sources */ = {isa = PBXBuildFile; fileRef = F61242C8236F50DF00C18009 /* Encodable.swift */; };
		F61242D12370CD7E00C18009 /* MeInteractor.swift in Sources */ = {isa = PBXBuildFile; fileRef = F61242CB2370CD7E00C18009 /* MeInteractor.swift */; };
		F61242D22370CD7E00C18009 /* MeProtocols.swift in Sources */ = {isa = PBXBuildFile; fileRef = F61242CC2370CD7E00C18009 /* MeProtocols.swift */; };
		F61242D32370CD7E00C18009 /* MePresenter.swift in Sources */ = {isa = PBXBuildFile; fileRef = F61242CD2370CD7E00C18009 /* MePresenter.swift */; };
		F61242D42370CD7E00C18009 /* MeConfigurator.swift in Sources */ = {isa = PBXBuildFile; fileRef = F61242CE2370CD7E00C18009 /* MeConfigurator.swift */; };
		F61242D52370CD7E00C18009 /* MeRouter.swift in Sources */ = {isa = PBXBuildFile; fileRef = F61242CF2370CD7E00C18009 /* MeRouter.swift */; };
		F61242D62370CD7E00C18009 /* MeViewController.swift in Sources */ = {isa = PBXBuildFile; fileRef = F61242D02370CD7E00C18009 /* MeViewController.swift */; };
		F61242DB23719EE100C18009 /* MeTableViewCell.swift in Sources */ = {isa = PBXBuildFile; fileRef = F61242D923719EE100C18009 /* MeTableViewCell.swift */; };
		F61242DC23719EE100C18009 /* MeTableViewCell.xib in Resources */ = {isa = PBXBuildFile; fileRef = F61242DA23719EE100C18009 /* MeTableViewCell.xib */; };
		F61243022372B0BF00C18009 /* UITableView.swift in Sources */ = {isa = PBXBuildFile; fileRef = F61243012372B0BF00C18009 /* UITableView.swift */; };
		F615812123BD6FC8009D8542 /* PlacesSearchConfigurator.swift in Sources */ = {isa = PBXBuildFile; fileRef = F615811B23BD6FC8009D8542 /* PlacesSearchConfigurator.swift */; };
		F615812223BD6FC8009D8542 /* PlacesSearchRouter.swift in Sources */ = {isa = PBXBuildFile; fileRef = F615811C23BD6FC8009D8542 /* PlacesSearchRouter.swift */; };
		F615812323BD6FC8009D8542 /* PlacesSearchPresenter.swift in Sources */ = {isa = PBXBuildFile; fileRef = F615811D23BD6FC8009D8542 /* PlacesSearchPresenter.swift */; };
		F615812423BD6FC8009D8542 /* PlacesSearchInteractor.swift in Sources */ = {isa = PBXBuildFile; fileRef = F615811E23BD6FC8009D8542 /* PlacesSearchInteractor.swift */; };
		F615812523BD6FC8009D8542 /* PlacesSearchProtocols.swift in Sources */ = {isa = PBXBuildFile; fileRef = F615811F23BD6FC8009D8542 /* PlacesSearchProtocols.swift */; };
		F615812623BD6FC8009D8542 /* PlacesSearchViewController.swift in Sources */ = {isa = PBXBuildFile; fileRef = F615812023BD6FC8009D8542 /* PlacesSearchViewController.swift */; };
		F615812923BE375D009D8542 /* PlacesSearchTableViewCell.swift in Sources */ = {isa = PBXBuildFile; fileRef = F615812723BE375D009D8542 /* PlacesSearchTableViewCell.swift */; };
		F615812A23BE375D009D8542 /* PlacesSearchTableViewCell.xib in Resources */ = {isa = PBXBuildFile; fileRef = F615812823BE375D009D8542 /* PlacesSearchTableViewCell.xib */; };
		F61680042375D575000B54C5 /* Me.storyboard in Resources */ = {isa = PBXBuildFile; fileRef = F61680062375D575000B54C5 /* Me.storyboard */; };
		F61680092375D7EF000B54C5 /* LoginViewController.xib in Resources */ = {isa = PBXBuildFile; fileRef = F616800B2375D7EF000B54C5 /* LoginViewController.xib */; };
		F616800E2375D8E3000B54C5 /* AuthViewController.xib in Resources */ = {isa = PBXBuildFile; fileRef = F61680102375D8E3000B54C5 /* AuthViewController.xib */; };
		F61680132375D942000B54C5 /* SignUpViewController.xib in Resources */ = {isa = PBXBuildFile; fileRef = F61680152375D942000B54C5 /* SignUpViewController.xib */; };
		F616801A2376120C000B54C5 /* Localizable.strings in Resources */ = {isa = PBXBuildFile; fileRef = F61680182376120C000B54C5 /* Localizable.strings */; };
		F616801F2378B0C2000B54C5 /* CreationTabBarViewController.swift in Sources */ = {isa = PBXBuildFile; fileRef = F616801E2378B0C2000B54C5 /* CreationTabBarViewController.swift */; };
		F61680272378BC87000B54C5 /* PlaceCreationInteractor.swift in Sources */ = {isa = PBXBuildFile; fileRef = F61680212378BC86000B54C5 /* PlaceCreationInteractor.swift */; };
		F61680282378BC87000B54C5 /* PlaceCreationViewController.swift in Sources */ = {isa = PBXBuildFile; fileRef = F61680222378BC86000B54C5 /* PlaceCreationViewController.swift */; };
		F61680292378BC87000B54C5 /* PlaceCreationProtocols.swift in Sources */ = {isa = PBXBuildFile; fileRef = F61680232378BC86000B54C5 /* PlaceCreationProtocols.swift */; };
		F616802A2378BC87000B54C5 /* PlaceCreationRouter.swift in Sources */ = {isa = PBXBuildFile; fileRef = F61680242378BC86000B54C5 /* PlaceCreationRouter.swift */; };
		F616802B2378BC87000B54C5 /* PlaceCreationPresenter.swift in Sources */ = {isa = PBXBuildFile; fileRef = F61680252378BC86000B54C5 /* PlaceCreationPresenter.swift */; };
		F616802C2378BC87000B54C5 /* PlaceCreationConfigurator.swift in Sources */ = {isa = PBXBuildFile; fileRef = F61680262378BC86000B54C5 /* PlaceCreationConfigurator.swift */; };
		F6168035237B67F5000B54C5 /* MapSearchViewController.swift in Sources */ = {isa = PBXBuildFile; fileRef = F6168034237B67F5000B54C5 /* MapSearchViewController.swift */; };
		F6168038237B7272000B54C5 /* MapSearchTableViewController.swift in Sources */ = {isa = PBXBuildFile; fileRef = F6168037237B7272000B54C5 /* MapSearchTableViewController.swift */; };
		F616803A237DA5C9000B54C5 /* Place.swift in Sources */ = {isa = PBXBuildFile; fileRef = F6168039237DA5C8000B54C5 /* Place.swift */; };
		F616803C237DB468000B54C5 /* MKPlacemark.swift in Sources */ = {isa = PBXBuildFile; fileRef = F616803B237DB468000B54C5 /* MKPlacemark.swift */; };
		F616806B237EF9CB000B54C5 /* AddPhotoCollectionViewCell.xib in Resources */ = {isa = PBXBuildFile; fileRef = F6168067237EF9CB000B54C5 /* AddPhotoCollectionViewCell.xib */; };
		F616806C237EF9CB000B54C5 /* PhotoCollectionViewCell.swift in Sources */ = {isa = PBXBuildFile; fileRef = F6168068237EF9CB000B54C5 /* PhotoCollectionViewCell.swift */; };
		F616806D237EF9CB000B54C5 /* AddPhotoCollectionViewCell.swift in Sources */ = {isa = PBXBuildFile; fileRef = F6168069237EF9CB000B54C5 /* AddPhotoCollectionViewCell.swift */; };
		F616806E237EF9CB000B54C5 /* PhotoCollectionViewCell.xib in Resources */ = {isa = PBXBuildFile; fileRef = F616806A237EF9CB000B54C5 /* PhotoCollectionViewCell.xib */; };
		F61CDC2E237F66400062BFD8 /* Creation.storyboard in Resources */ = {isa = PBXBuildFile; fileRef = F61CDC30237F66400062BFD8 /* Creation.storyboard */; };
		F61CDC35237F66B40062BFD8 /* MapSearch.storyboard in Resources */ = {isa = PBXBuildFile; fileRef = F61CDC37237F66B40062BFD8 /* MapSearch.storyboard */; };
		F620F0982363C11A006EDE9B /* AuthViewController.swift in Sources */ = {isa = PBXBuildFile; fileRef = F620F0962363C11A006EDE9B /* AuthViewController.swift */; };
		F620F09C2363C4D0006EDE9B /* AuthProtocols.swift in Sources */ = {isa = PBXBuildFile; fileRef = F620F09B2363C4D0006EDE9B /* AuthProtocols.swift */; };
		F620F09E2363C92D006EDE9B /* AuthConfigurator.swift in Sources */ = {isa = PBXBuildFile; fileRef = F620F09D2363C92D006EDE9B /* AuthConfigurator.swift */; };
		F620F0A02363C94F006EDE9B /* AuthPresenter.swift in Sources */ = {isa = PBXBuildFile; fileRef = F620F09F2363C94F006EDE9B /* AuthPresenter.swift */; };
		F620F0A22363CBD8006EDE9B /* AuthRouter.swift in Sources */ = {isa = PBXBuildFile; fileRef = F620F0A12363CBD8006EDE9B /* AuthRouter.swift */; };
		F620F0A72364ABC6006EDE9B /* SignUpProtocols.swift in Sources */ = {isa = PBXBuildFile; fileRef = F620F0A62364ABC6006EDE9B /* SignUpProtocols.swift */; };
		F620F0A92364ACBA006EDE9B /* SignUpPresenter.swift in Sources */ = {isa = PBXBuildFile; fileRef = F620F0A82364ACBA006EDE9B /* SignUpPresenter.swift */; };
		F620F0AB2364ACC9006EDE9B /* SignUpInteractor.swift in Sources */ = {isa = PBXBuildFile; fileRef = F620F0AA2364ACC9006EDE9B /* SignUpInteractor.swift */; };
		F620F0B02364ACFC006EDE9B /* User.swift in Sources */ = {isa = PBXBuildFile; fileRef = F620F0AF2364ACFC006EDE9B /* User.swift */; };
		F620F0B22364AECD006EDE9B /* SignUpConfigurator.swift in Sources */ = {isa = PBXBuildFile; fileRef = F620F0B12364AECD006EDE9B /* SignUpConfigurator.swift */; };
		F6343E5E23C7DB940084FC60 /* EventsSearchInteractor.swift in Sources */ = {isa = PBXBuildFile; fileRef = F6343E5823C7DB930084FC60 /* EventsSearchInteractor.swift */; };
		F6343E5F23C7DB940084FC60 /* EventsSearchPresenter.swift in Sources */ = {isa = PBXBuildFile; fileRef = F6343E5923C7DB930084FC60 /* EventsSearchPresenter.swift */; };
		F6343E6023C7DB940084FC60 /* EventsSearchRouter.swift in Sources */ = {isa = PBXBuildFile; fileRef = F6343E5A23C7DB930084FC60 /* EventsSearchRouter.swift */; };
		F6343E6123C7DB940084FC60 /* EventsSearchViewController.swift in Sources */ = {isa = PBXBuildFile; fileRef = F6343E5B23C7DB940084FC60 /* EventsSearchViewController.swift */; };
		F6343E6223C7DB940084FC60 /* EventsSearchProtocols.swift in Sources */ = {isa = PBXBuildFile; fileRef = F6343E5C23C7DB940084FC60 /* EventsSearchProtocols.swift */; };
		F6343E6323C7DB940084FC60 /* EventsSearchConfigurator.swift in Sources */ = {isa = PBXBuildFile; fileRef = F6343E5D23C7DB940084FC60 /* EventsSearchConfigurator.swift */; };
		F6343E6623C7DE750084FC60 /* EventsSearchTableViewCell.swift in Sources */ = {isa = PBXBuildFile; fileRef = F6343E6423C7DE750084FC60 /* EventsSearchTableViewCell.swift */; };
		F6343E6723C7DE750084FC60 /* EventsSearchTableViewCell.xib in Resources */ = {isa = PBXBuildFile; fileRef = F6343E6523C7DE750084FC60 /* EventsSearchTableViewCell.xib */; };
		F6343E6A23C897520084FC60 /* EventsSearchParamsView.swift in Sources */ = {isa = PBXBuildFile; fileRef = F6343E6923C897520084FC60 /* EventsSearchParamsView.swift */; };
		F6343E7223C923D00084FC60 /* EventPresenter.swift in Sources */ = {isa = PBXBuildFile; fileRef = F6343E6C23C923D00084FC60 /* EventPresenter.swift */; };
		F6343E7323C923D00084FC60 /* EventProtocols.swift in Sources */ = {isa = PBXBuildFile; fileRef = F6343E6D23C923D00084FC60 /* EventProtocols.swift */; };
		F6343E7423C923D00084FC60 /* EventRouter.swift in Sources */ = {isa = PBXBuildFile; fileRef = F6343E6E23C923D00084FC60 /* EventRouter.swift */; };
		F6343E7523C923D00084FC60 /* EventViewController.swift in Sources */ = {isa = PBXBuildFile; fileRef = F6343E6F23C923D00084FC60 /* EventViewController.swift */; };
		F6343E7623C923D00084FC60 /* EventInteractor.swift in Sources */ = {isa = PBXBuildFile; fileRef = F6343E7023C923D00084FC60 /* EventInteractor.swift */; };
		F6343E7723C923D00084FC60 /* EventConfigurator.swift in Sources */ = {isa = PBXBuildFile; fileRef = F6343E7123C923D00084FC60 /* EventConfigurator.swift */; };
		F6343E7923CA1BBD0084FC60 /* Role.swift in Sources */ = {isa = PBXBuildFile; fileRef = F6343E7823CA1BBD0084FC60 /* Role.swift */; };
		F6343E7C23CA74AD0084FC60 /* EventCoreData.swift in Sources */ = {isa = PBXBuildFile; fileRef = F6343E7B23CA74AD0084FC60 /* EventCoreData.swift */; };
		F64D20242364B9FB003BBE52 /* SignUpViewController.swift in Sources */ = {isa = PBXBuildFile; fileRef = F64D20232364B9FB003BBE52 /* SignUpViewController.swift */; };
		F64D20282364FA35003BBE52 /* HTTPRequest.swift in Sources */ = {isa = PBXBuildFile; fileRef = F64D20272364FA35003BBE52 /* HTTPRequest.swift */; };
		F65D1CD82389722C0021179F /* EventCreationInteractor.swift in Sources */ = {isa = PBXBuildFile; fileRef = F65D1CD22389722C0021179F /* EventCreationInteractor.swift */; };
		F65D1CD92389722C0021179F /* EventCreationRouter.swift in Sources */ = {isa = PBXBuildFile; fileRef = F65D1CD32389722C0021179F /* EventCreationRouter.swift */; };
		F65D1CDA2389722C0021179F /* EventCreationConfigurator.swift in Sources */ = {isa = PBXBuildFile; fileRef = F65D1CD42389722C0021179F /* EventCreationConfigurator.swift */; };
		F65D1CDB2389722C0021179F /* EventCreationPresenter.swift in Sources */ = {isa = PBXBuildFile; fileRef = F65D1CD52389722C0021179F /* EventCreationPresenter.swift */; };
		F65D1CDC2389722C0021179F /* EventCreationProtocols.swift in Sources */ = {isa = PBXBuildFile; fileRef = F65D1CD62389722C0021179F /* EventCreationProtocols.swift */; };
		F65D1CDD2389722C0021179F /* EventCreationViewController.swift in Sources */ = {isa = PBXBuildFile; fileRef = F65D1CD72389722C0021179F /* EventCreationViewController.swift */; };
		F65D1CE3238C2B680021179F /* TimeViewController.swift in Sources */ = {isa = PBXBuildFile; fileRef = F65D1CE1238C2B680021179F /* TimeViewController.swift */; };
		F65D1CE4238C2B680021179F /* TimeViewController.xib in Resources */ = {isa = PBXBuildFile; fileRef = F65D1CE2238C2B680021179F /* TimeViewController.xib */; };
		F65D1CE7238DD4760021179F /* TimeTableViewCell.swift in Sources */ = {isa = PBXBuildFile; fileRef = F65D1CE5238DD4760021179F /* TimeTableViewCell.swift */; };
		F65D1CE8238DD4760021179F /* TimeTableViewCell.xib in Resources */ = {isa = PBXBuildFile; fileRef = F65D1CE6238DD4760021179F /* TimeTableViewCell.xib */; };
		F65D1CEA238E54F30021179F /* Date.swift in Sources */ = {isa = PBXBuildFile; fileRef = F65D1CE9238E54F30021179F /* Date.swift */; };
		F65D1CEC238E6EF00021179F /* Event.swift in Sources */ = {isa = PBXBuildFile; fileRef = F65D1CEB238E6EF00021179F /* Event.swift */; };
		F65D1CF023912A8C0021179F /* String.swift in Sources */ = {isa = PBXBuildFile; fileRef = F65D1CEF23912A8C0021179F /* String.swift */; };
		F6715F0823CDF14600A9F9A7 /* ARView.swift in Sources */ = {isa = PBXBuildFile; fileRef = F6715F0723CDF14600A9F9A7 /* ARView.swift */; };
		F6715F0A23CE560900A9F9A7 /* UIView.swift in Sources */ = {isa = PBXBuildFile; fileRef = F6715F0923CE560900A9F9A7 /* UIView.swift */; };
		F6715F1223CE856B00A9F9A7 /* MyEventsViewController.swift in Sources */ = {isa = PBXBuildFile; fileRef = F6715F0C23CE856B00A9F9A7 /* MyEventsViewController.swift */; };
		F6715F1323CE856B00A9F9A7 /* MyEventsConfigurator.swift in Sources */ = {isa = PBXBuildFile; fileRef = F6715F0D23CE856B00A9F9A7 /* MyEventsConfigurator.swift */; };
		F6715F1423CE856B00A9F9A7 /* MyEventsProtocols.swift in Sources */ = {isa = PBXBuildFile; fileRef = F6715F0E23CE856B00A9F9A7 /* MyEventsProtocols.swift */; };
		F6715F1523CE856B00A9F9A7 /* MyEventsPresenter.swift in Sources */ = {isa = PBXBuildFile; fileRef = F6715F0F23CE856B00A9F9A7 /* MyEventsPresenter.swift */; };
		F6715F1623CE856B00A9F9A7 /* MyEventsInteractor.swift in Sources */ = {isa = PBXBuildFile; fileRef = F6715F1023CE856B00A9F9A7 /* MyEventsInteractor.swift */; };
		F6715F1723CE856B00A9F9A7 /* MyEventsRouter.swift in Sources */ = {isa = PBXBuildFile; fileRef = F6715F1123CE856B00A9F9A7 /* MyEventsRouter.swift */; };
		F6715F1A23CE8F5B00A9F9A7 /* ListLandmarksItem.swift in Sources */ = {isa = PBXBuildFile; fileRef = F6715F1823CE8F5B00A9F9A7 /* ListLandmarksItem.swift */; };
		F6715F1B23CE8F5B00A9F9A7 /* ListLandmarksItem.xib in Resources */ = {isa = PBXBuildFile; fileRef = F6715F1923CE8F5B00A9F9A7 /* ListLandmarksItem.xib */; };
		F6715F1E23CF00BC00A9F9A7 /* Almofire.swift in Sources */ = {isa = PBXBuildFile; fileRef = F6715F1D23CF00BC00A9F9A7 /* Almofire.swift */; };
		F675B29123C3F411005DC9CE /* PlacesView.swift in Sources */ = {isa = PBXBuildFile; fileRef = F675B29023C3F411005DC9CE /* PlacesView.swift */; };
		F678672823C0046A008080A2 /* UIColor.swift in Sources */ = {isa = PBXBuildFile; fileRef = F678672723C0046A008080A2 /* UIColor.swift */; };
		F678672B23C0F7AB008080A2 /* HashtagsParser.swift in Sources */ = {isa = PBXBuildFile; fileRef = F678672A23C0F7AB008080A2 /* HashtagsParser.swift */; };
		F678673323C27B67008080A2 /* PlaceInteractor.swift in Sources */ = {isa = PBXBuildFile; fileRef = F678672D23C27B67008080A2 /* PlaceInteractor.swift */; };
		F678673423C27B67008080A2 /* PlaceProtocols.swift in Sources */ = {isa = PBXBuildFile; fileRef = F678672E23C27B67008080A2 /* PlaceProtocols.swift */; };
		F678673523C27B67008080A2 /* PlaceConfigurator.swift in Sources */ = {isa = PBXBuildFile; fileRef = F678672F23C27B67008080A2 /* PlaceConfigurator.swift */; };
		F678673623C27B67008080A2 /* PlaceRouter.swift in Sources */ = {isa = PBXBuildFile; fileRef = F678673023C27B67008080A2 /* PlaceRouter.swift */; };
		F678673723C27B67008080A2 /* PlaceViewController.swift in Sources */ = {isa = PBXBuildFile; fileRef = F678673123C27B67008080A2 /* PlaceViewController.swift */; };
		F678673823C27B67008080A2 /* PlacePresenter.swift in Sources */ = {isa = PBXBuildFile; fileRef = F678673223C27B67008080A2 /* PlacePresenter.swift */; };
		F678675F23C3E2C2008080A2 /* AddCommentViewController.swift in Sources */ = {isa = PBXBuildFile; fileRef = F678675D23C3E2C2008080A2 /* AddCommentViewController.swift */; };
		F678676023C3E2C2008080A2 /* AddCommentViewController.xib in Resources */ = {isa = PBXBuildFile; fileRef = F678675E23C3E2C2008080A2 /* AddCommentViewController.xib */; };
		F6928F0823BEB41F00661BDF /* PlacesSearchParamsView.swift in Sources */ = {isa = PBXBuildFile; fileRef = F6928F0723BEB41F00661BDF /* PlacesSearchParamsView.swift */; };
		F6928F0A23BFF91300661BDF /* UIStackView.swift in Sources */ = {isa = PBXBuildFile; fileRef = F6928F0923BFF91300661BDF /* UIStackView.swift */; };
		F6B2ECE823CB253F00A2B846 /* ARViewController.swift in Sources */ = {isa = PBXBuildFile; fileRef = F6B2ECE723CB253F00A2B846 /* ARViewController.swift */; };
		F6D218EE23C4D28000DE708A /* BindableGestureRecognizer.swift in Sources */ = {isa = PBXBuildFile; fileRef = F6D218ED23C4D28000DE708A /* BindableGestureRecognizer.swift */; };
		F6D218F023C4DF9700DE708A /* PlacesCellView.swift in Sources */ = {isa = PBXBuildFile; fileRef = F6D218EF23C4DF9700DE708A /* PlacesCellView.swift */; };
		F6D218F223C4F0CA00DE708A /* CustomPin.swift in Sources */ = {isa = PBXBuildFile; fileRef = F6D218F123C4F0CA00DE708A /* CustomPin.swift */; };
/* End PBXBuildFile section */

/* Begin PBXFileReference section */
		026B263523CDF43A00ABBBC6 /* Model.swift */ = {isa = PBXFileReference; lastKnownFileType = sourcecode.swift; path = Model.swift; sourceTree = "<group>"; };
		02ED7A0F2372AE6A00D69DB0 /* HTTPError.swift */ = {isa = PBXFileReference; lastKnownFileType = sourcecode.swift; path = HTTPError.swift; sourceTree = "<group>"; };
		02FBA66A2370485B00CF0A23 /* Validation.swift */ = {isa = PBXFileReference; lastKnownFileType = sourcecode.swift; path = Validation.swift; sourceTree = "<group>"; };
		3E54DB9123CD1D1C0073AEEF /* HomeCollectionViewCell.swift */ = {isa = PBXFileReference; lastKnownFileType = sourcecode.swift; path = HomeCollectionViewCell.swift; sourceTree = "<group>"; };
		3E54DB9223CD1D1C0073AEEF /* HomeCollectionViewCell.xib */ = {isa = PBXFileReference; lastKnownFileType = file.xib; path = HomeCollectionViewCell.xib; sourceTree = "<group>"; };
		3E54DB9523CD1D560073AEEF /* HomeConfigurator.swift */ = {isa = PBXFileReference; lastKnownFileType = sourcecode.swift; path = HomeConfigurator.swift; sourceTree = "<group>"; };
		3E54DB9723CD1D7A0073AEEF /* HomeInteractor.swift */ = {isa = PBXFileReference; lastKnownFileType = sourcecode.swift; path = HomeInteractor.swift; sourceTree = "<group>"; };
		3E54DB9923CD1DAD0073AEEF /* HomePresenter.swift */ = {isa = PBXFileReference; lastKnownFileType = sourcecode.swift; path = HomePresenter.swift; sourceTree = "<group>"; };
		3E54DB9B23CD1DDB0073AEEF /* HomeProtocols.swift */ = {isa = PBXFileReference; lastKnownFileType = sourcecode.swift; path = HomeProtocols.swift; sourceTree = "<group>"; };
		3E54DB9D23CD1DFA0073AEEF /* HomeRouter.swift */ = {isa = PBXFileReference; lastKnownFileType = sourcecode.swift; path = HomeRouter.swift; sourceTree = "<group>"; };
		3E54DB9F23CD1E570073AEEF /* HomeViewController.swift */ = {isa = PBXFileReference; lastKnownFileType = sourcecode.swift; path = HomeViewController.swift; sourceTree = "<group>"; };
		444C1A5CBF4B5810F20A7552 /* Pods-ipar.debug.xcconfig */ = {isa = PBXFileReference; includeInIndex = 1; lastKnownFileType = text.xcconfig; name = "Pods-ipar.debug.xcconfig"; path = "Pods/Target Support Files/Pods-ipar/Pods-ipar.debug.xcconfig"; sourceTree = "<group>"; };
		7FA528CCC420BBBD9F80AB71 /* Pods-ipar.release.xcconfig */ = {isa = PBXFileReference; includeInIndex = 1; lastKnownFileType = text.xcconfig; name = "Pods-ipar.release.xcconfig"; path = "Pods/Target Support Files/Pods-ipar/Pods-ipar.release.xcconfig"; sourceTree = "<group>"; };
		A1C9736D01DB1983A975A008 /* Pods_ipar.framework */ = {isa = PBXFileReference; explicitFileType = wrapper.framework; includeInIndex = 0; path = Pods_ipar.framework; sourceTree = BUILT_PRODUCTS_DIR; };
		CA8DBF5323550DDA00A1641B /* ipar.app */ = {isa = PBXFileReference; explicitFileType = wrapper.application; includeInIndex = 0; path = ipar.app; sourceTree = BUILT_PRODUCTS_DIR; };
		CA8DBF5623550DDA00A1641B /* AppDelegate.swift */ = {isa = PBXFileReference; lastKnownFileType = sourcecode.swift; path = AppDelegate.swift; sourceTree = "<group>"; };
		CA8DBF5F23550DDB00A1641B /* Assets.xcassets */ = {isa = PBXFileReference; lastKnownFileType = folder.assetcatalog; path = Assets.xcassets; sourceTree = "<group>"; };
		CA8DBF6223550DDB00A1641B /* Base */ = {isa = PBXFileReference; lastKnownFileType = file.storyboard; name = Base; path = Base.lproj/LaunchScreen.storyboard; sourceTree = "<group>"; };
		CA8DBF6423550DDB00A1641B /* Info.plist */ = {isa = PBXFileReference; lastKnownFileType = text.plist.xml; path = Info.plist; sourceTree = "<group>"; };
		F612426A2365E9E400C18009 /* Keychain.swift */ = {isa = PBXFileReference; lastKnownFileType = sourcecode.swift; path = Keychain.swift; sourceTree = "<group>"; };
		F61242B12367306500C18009 /* MainTabBarViewController.swift */ = {isa = PBXFileReference; lastKnownFileType = sourcecode.swift; path = MainTabBarViewController.swift; sourceTree = "<group>"; };
		F61242B42368DA0300C18009 /* LoginProtocols.swift */ = {isa = PBXFileReference; fileEncoding = 4; lastKnownFileType = sourcecode.swift; path = LoginProtocols.swift; sourceTree = "<group>"; };
		F61242B52368DA0300C18009 /* LoginPresenter.swift */ = {isa = PBXFileReference; fileEncoding = 4; lastKnownFileType = sourcecode.swift; path = LoginPresenter.swift; sourceTree = "<group>"; };
		F61242B62368DA0300C18009 /* LoginConfigurator.swift */ = {isa = PBXFileReference; fileEncoding = 4; lastKnownFileType = sourcecode.swift; path = LoginConfigurator.swift; sourceTree = "<group>"; };
		F61242B72368DA0300C18009 /* LoginViewController.swift */ = {isa = PBXFileReference; fileEncoding = 4; lastKnownFileType = sourcecode.swift; path = LoginViewController.swift; sourceTree = "<group>"; };
		F61242B82368DA0300C18009 /* LoginInteractor.swift */ = {isa = PBXFileReference; fileEncoding = 4; lastKnownFileType = sourcecode.swift; path = LoginInteractor.swift; sourceTree = "<group>"; };
		F61242C32368DF5100C18009 /* LoginUser.swift */ = {isa = PBXFileReference; lastKnownFileType = sourcecode.swift; path = LoginUser.swift; sourceTree = "<group>"; };
		F61242C6236F50B100C18009 /* UIImage.swift */ = {isa = PBXFileReference; lastKnownFileType = sourcecode.swift; path = UIImage.swift; sourceTree = "<group>"; };
		F61242C8236F50DF00C18009 /* Encodable.swift */ = {isa = PBXFileReference; lastKnownFileType = sourcecode.swift; path = Encodable.swift; sourceTree = "<group>"; };
		F61242CB2370CD7E00C18009 /* MeInteractor.swift */ = {isa = PBXFileReference; fileEncoding = 4; lastKnownFileType = sourcecode.swift; path = MeInteractor.swift; sourceTree = "<group>"; };
		F61242CC2370CD7E00C18009 /* MeProtocols.swift */ = {isa = PBXFileReference; fileEncoding = 4; lastKnownFileType = sourcecode.swift; path = MeProtocols.swift; sourceTree = "<group>"; };
		F61242CD2370CD7E00C18009 /* MePresenter.swift */ = {isa = PBXFileReference; fileEncoding = 4; lastKnownFileType = sourcecode.swift; path = MePresenter.swift; sourceTree = "<group>"; };
		F61242CE2370CD7E00C18009 /* MeConfigurator.swift */ = {isa = PBXFileReference; fileEncoding = 4; lastKnownFileType = sourcecode.swift; path = MeConfigurator.swift; sourceTree = "<group>"; };
		F61242CF2370CD7E00C18009 /* MeRouter.swift */ = {isa = PBXFileReference; fileEncoding = 4; lastKnownFileType = sourcecode.swift; path = MeRouter.swift; sourceTree = "<group>"; };
		F61242D02370CD7E00C18009 /* MeViewController.swift */ = {isa = PBXFileReference; fileEncoding = 4; lastKnownFileType = sourcecode.swift; path = MeViewController.swift; sourceTree = "<group>"; };
		F61242D923719EE100C18009 /* MeTableViewCell.swift */ = {isa = PBXFileReference; lastKnownFileType = sourcecode.swift; path = MeTableViewCell.swift; sourceTree = "<group>"; };
		F61242DA23719EE100C18009 /* MeTableViewCell.xib */ = {isa = PBXFileReference; lastKnownFileType = file.xib; path = MeTableViewCell.xib; sourceTree = "<group>"; };
		F61243012372B0BF00C18009 /* UITableView.swift */ = {isa = PBXFileReference; lastKnownFileType = sourcecode.swift; path = UITableView.swift; sourceTree = "<group>"; };
		F615811B23BD6FC8009D8542 /* PlacesSearchConfigurator.swift */ = {isa = PBXFileReference; fileEncoding = 4; lastKnownFileType = sourcecode.swift; path = PlacesSearchConfigurator.swift; sourceTree = "<group>"; };
		F615811C23BD6FC8009D8542 /* PlacesSearchRouter.swift */ = {isa = PBXFileReference; fileEncoding = 4; lastKnownFileType = sourcecode.swift; path = PlacesSearchRouter.swift; sourceTree = "<group>"; };
		F615811D23BD6FC8009D8542 /* PlacesSearchPresenter.swift */ = {isa = PBXFileReference; fileEncoding = 4; lastKnownFileType = sourcecode.swift; path = PlacesSearchPresenter.swift; sourceTree = "<group>"; };
		F615811E23BD6FC8009D8542 /* PlacesSearchInteractor.swift */ = {isa = PBXFileReference; fileEncoding = 4; lastKnownFileType = sourcecode.swift; path = PlacesSearchInteractor.swift; sourceTree = "<group>"; };
		F615811F23BD6FC8009D8542 /* PlacesSearchProtocols.swift */ = {isa = PBXFileReference; fileEncoding = 4; lastKnownFileType = sourcecode.swift; path = PlacesSearchProtocols.swift; sourceTree = "<group>"; };
		F615812023BD6FC8009D8542 /* PlacesSearchViewController.swift */ = {isa = PBXFileReference; fileEncoding = 4; lastKnownFileType = sourcecode.swift; path = PlacesSearchViewController.swift; sourceTree = "<group>"; };
		F615812723BE375D009D8542 /* PlacesSearchTableViewCell.swift */ = {isa = PBXFileReference; lastKnownFileType = sourcecode.swift; path = PlacesSearchTableViewCell.swift; sourceTree = "<group>"; };
		F615812823BE375D009D8542 /* PlacesSearchTableViewCell.xib */ = {isa = PBXFileReference; lastKnownFileType = file.xib; name = PlacesSearchTableViewCell.xib; path = ipar/XIBs/PlacesSearchTableViewCell.xib; sourceTree = SOURCE_ROOT; };
		F61680032375D56F000B54C5 /* ru */ = {isa = PBXFileReference; lastKnownFileType = text.plist.strings; name = ru; path = ru.lproj/LaunchScreen.strings; sourceTree = "<group>"; };
		F61680072375D59C000B54C5 /* Base */ = {isa = PBXFileReference; lastKnownFileType = file.storyboard; name = Base; path = Base.lproj/Me.storyboard; sourceTree = "<group>"; };
		F61680082375D5A9000B54C5 /* ru */ = {isa = PBXFileReference; lastKnownFileType = text.plist.strings; name = ru; path = ru.lproj/Me.strings; sourceTree = "<group>"; };
		F616800C2375D7F6000B54C5 /* Base */ = {isa = PBXFileReference; lastKnownFileType = file.xib; name = Base; path = Base.lproj/LoginViewController.xib; sourceTree = "<group>"; };
		F616800D2375D803000B54C5 /* ru */ = {isa = PBXFileReference; lastKnownFileType = text.plist.strings; name = ru; path = ru.lproj/LoginViewController.strings; sourceTree = "<group>"; };
		F61680112375D8E9000B54C5 /* Base */ = {isa = PBXFileReference; lastKnownFileType = file.xib; name = Base; path = Base.lproj/AuthViewController.xib; sourceTree = "<group>"; };
		F61680122375D8F0000B54C5 /* ru */ = {isa = PBXFileReference; lastKnownFileType = text.plist.strings; name = ru; path = ru.lproj/AuthViewController.strings; sourceTree = "<group>"; };
		F61680162375D945000B54C5 /* Base */ = {isa = PBXFileReference; lastKnownFileType = file.xib; name = Base; path = Base.lproj/SignUpViewController.xib; sourceTree = "<group>"; };
		F61680172375D957000B54C5 /* ru */ = {isa = PBXFileReference; lastKnownFileType = text.plist.strings; name = ru; path = ru.lproj/SignUpViewController.strings; sourceTree = "<group>"; };
		F61680192376120C000B54C5 /* ru */ = {isa = PBXFileReference; lastKnownFileType = text.plist.strings; name = ru; path = ru.lproj/Localizable.strings; sourceTree = SOURCE_ROOT; };
		F616801E2378B0C2000B54C5 /* CreationTabBarViewController.swift */ = {isa = PBXFileReference; lastKnownFileType = sourcecode.swift; path = CreationTabBarViewController.swift; sourceTree = "<group>"; };
		F61680212378BC86000B54C5 /* PlaceCreationInteractor.swift */ = {isa = PBXFileReference; fileEncoding = 4; lastKnownFileType = sourcecode.swift; path = PlaceCreationInteractor.swift; sourceTree = "<group>"; };
		F61680222378BC86000B54C5 /* PlaceCreationViewController.swift */ = {isa = PBXFileReference; fileEncoding = 4; lastKnownFileType = sourcecode.swift; path = PlaceCreationViewController.swift; sourceTree = "<group>"; };
		F61680232378BC86000B54C5 /* PlaceCreationProtocols.swift */ = {isa = PBXFileReference; fileEncoding = 4; lastKnownFileType = sourcecode.swift; path = PlaceCreationProtocols.swift; sourceTree = "<group>"; };
		F61680242378BC86000B54C5 /* PlaceCreationRouter.swift */ = {isa = PBXFileReference; fileEncoding = 4; lastKnownFileType = sourcecode.swift; path = PlaceCreationRouter.swift; sourceTree = "<group>"; };
		F61680252378BC86000B54C5 /* PlaceCreationPresenter.swift */ = {isa = PBXFileReference; fileEncoding = 4; lastKnownFileType = sourcecode.swift; path = PlaceCreationPresenter.swift; sourceTree = "<group>"; };
		F61680262378BC86000B54C5 /* PlaceCreationConfigurator.swift */ = {isa = PBXFileReference; fileEncoding = 4; lastKnownFileType = sourcecode.swift; path = PlaceCreationConfigurator.swift; sourceTree = "<group>"; };
		F6168034237B67F5000B54C5 /* MapSearchViewController.swift */ = {isa = PBXFileReference; lastKnownFileType = sourcecode.swift; path = MapSearchViewController.swift; sourceTree = "<group>"; };
		F6168037237B7272000B54C5 /* MapSearchTableViewController.swift */ = {isa = PBXFileReference; lastKnownFileType = sourcecode.swift; path = MapSearchTableViewController.swift; sourceTree = "<group>"; };
		F6168039237DA5C8000B54C5 /* Place.swift */ = {isa = PBXFileReference; lastKnownFileType = sourcecode.swift; path = Place.swift; sourceTree = "<group>"; };
		F616803B237DB468000B54C5 /* MKPlacemark.swift */ = {isa = PBXFileReference; lastKnownFileType = sourcecode.swift; path = MKPlacemark.swift; sourceTree = "<group>"; };
		F6168067237EF9CB000B54C5 /* AddPhotoCollectionViewCell.xib */ = {isa = PBXFileReference; fileEncoding = 4; lastKnownFileType = file.xib; name = AddPhotoCollectionViewCell.xib; path = ipar/XIBs/AddPhotoCollectionViewCell.xib; sourceTree = SOURCE_ROOT; };
		F6168068237EF9CB000B54C5 /* PhotoCollectionViewCell.swift */ = {isa = PBXFileReference; fileEncoding = 4; lastKnownFileType = sourcecode.swift; name = PhotoCollectionViewCell.swift; path = ipar/XIBs/PhotoCollectionViewCell.swift; sourceTree = SOURCE_ROOT; };
		F6168069237EF9CB000B54C5 /* AddPhotoCollectionViewCell.swift */ = {isa = PBXFileReference; fileEncoding = 4; lastKnownFileType = sourcecode.swift; name = AddPhotoCollectionViewCell.swift; path = ipar/XIBs/AddPhotoCollectionViewCell.swift; sourceTree = SOURCE_ROOT; };
		F616806A237EF9CB000B54C5 /* PhotoCollectionViewCell.xib */ = {isa = PBXFileReference; fileEncoding = 4; lastKnownFileType = file.xib; name = PhotoCollectionViewCell.xib; path = ipar/XIBs/PhotoCollectionViewCell.xib; sourceTree = SOURCE_ROOT; };
		F61CDC31237F66460062BFD8 /* Base */ = {isa = PBXFileReference; lastKnownFileType = file.storyboard; name = Base; path = Base.lproj/Creation.storyboard; sourceTree = "<group>"; };
		F61CDC33237F66490062BFD8 /* en */ = {isa = PBXFileReference; lastKnownFileType = text.plist.strings; name = en; path = en.lproj/Creation.strings; sourceTree = "<group>"; };
		F61CDC34237F66530062BFD8 /* ru */ = {isa = PBXFileReference; lastKnownFileType = text.plist.strings; name = ru; path = ru.lproj/Creation.strings; sourceTree = "<group>"; };
		F61CDC38237F66B90062BFD8 /* Base */ = {isa = PBXFileReference; lastKnownFileType = file.storyboard; name = Base; path = Base.lproj/MapSearch.storyboard; sourceTree = "<group>"; };
		F61CDC3A237F66BD0062BFD8 /* en */ = {isa = PBXFileReference; lastKnownFileType = text.plist.strings; name = en; path = en.lproj/MapSearch.strings; sourceTree = "<group>"; };
		F61CDC3B237F66C10062BFD8 /* ru */ = {isa = PBXFileReference; lastKnownFileType = text.plist.strings; name = ru; path = ru.lproj/MapSearch.strings; sourceTree = "<group>"; };
		F61CDC3C237F678C0062BFD8 /* en-GB */ = {isa = PBXFileReference; lastKnownFileType = text.plist.strings; name = "en-GB"; path = "en-GB.lproj/MapSearch.strings"; sourceTree = "<group>"; };
		F61CDC3D237F678C0062BFD8 /* en-GB */ = {isa = PBXFileReference; lastKnownFileType = text.plist.strings; name = "en-GB"; path = "en-GB.lproj/Creation.strings"; sourceTree = "<group>"; };
		F61CDC3E237F678C0062BFD8 /* en-GB */ = {isa = PBXFileReference; lastKnownFileType = text.plist.strings; name = "en-GB"; path = "en-GB.lproj/Me.strings"; sourceTree = "<group>"; };
		F61CDC3F237F678C0062BFD8 /* en-GB */ = {isa = PBXFileReference; lastKnownFileType = text.plist.strings; name = "en-GB"; path = "en-GB.lproj/LoginViewController.strings"; sourceTree = "<group>"; };
		F61CDC40237F678C0062BFD8 /* en-GB */ = {isa = PBXFileReference; lastKnownFileType = text.plist.strings; name = "en-GB"; path = "en-GB.lproj/AuthViewController.strings"; sourceTree = "<group>"; };
		F61CDC41237F678C0062BFD8 /* en-GB */ = {isa = PBXFileReference; lastKnownFileType = text.plist.strings; name = "en-GB"; path = "en-GB.lproj/SignUpViewController.strings"; sourceTree = "<group>"; };
		F61CDC42237F678C0062BFD8 /* en-GB */ = {isa = PBXFileReference; lastKnownFileType = text.plist.strings; name = "en-GB"; path = "en-GB.lproj/LaunchScreen.strings"; sourceTree = "<group>"; };
		F61CDC43237F678C0062BFD8 /* en-GB */ = {isa = PBXFileReference; lastKnownFileType = text.plist.strings; name = "en-GB"; path = "../en-GB.lproj/Localizable.strings"; sourceTree = "<group>"; };
		F620F0962363C11A006EDE9B /* AuthViewController.swift */ = {isa = PBXFileReference; lastKnownFileType = sourcecode.swift; path = AuthViewController.swift; sourceTree = "<group>"; };
		F620F09B2363C4D0006EDE9B /* AuthProtocols.swift */ = {isa = PBXFileReference; lastKnownFileType = sourcecode.swift; path = AuthProtocols.swift; sourceTree = "<group>"; };
		F620F09D2363C92D006EDE9B /* AuthConfigurator.swift */ = {isa = PBXFileReference; lastKnownFileType = sourcecode.swift; path = AuthConfigurator.swift; sourceTree = "<group>"; };
		F620F09F2363C94F006EDE9B /* AuthPresenter.swift */ = {isa = PBXFileReference; lastKnownFileType = sourcecode.swift; path = AuthPresenter.swift; sourceTree = "<group>"; };
		F620F0A12363CBD8006EDE9B /* AuthRouter.swift */ = {isa = PBXFileReference; lastKnownFileType = sourcecode.swift; path = AuthRouter.swift; sourceTree = "<group>"; };
		F620F0A62364ABC6006EDE9B /* SignUpProtocols.swift */ = {isa = PBXFileReference; lastKnownFileType = sourcecode.swift; path = SignUpProtocols.swift; sourceTree = "<group>"; };
		F620F0A82364ACBA006EDE9B /* SignUpPresenter.swift */ = {isa = PBXFileReference; lastKnownFileType = sourcecode.swift; path = SignUpPresenter.swift; sourceTree = "<group>"; };
		F620F0AA2364ACC9006EDE9B /* SignUpInteractor.swift */ = {isa = PBXFileReference; lastKnownFileType = sourcecode.swift; path = SignUpInteractor.swift; sourceTree = "<group>"; };
		F620F0AF2364ACFC006EDE9B /* User.swift */ = {isa = PBXFileReference; lastKnownFileType = sourcecode.swift; path = User.swift; sourceTree = "<group>"; };
		F620F0B12364AECD006EDE9B /* SignUpConfigurator.swift */ = {isa = PBXFileReference; lastKnownFileType = sourcecode.swift; path = SignUpConfigurator.swift; sourceTree = "<group>"; };
		F6343E5823C7DB930084FC60 /* EventsSearchInteractor.swift */ = {isa = PBXFileReference; fileEncoding = 4; lastKnownFileType = sourcecode.swift; path = EventsSearchInteractor.swift; sourceTree = "<group>"; };
		F6343E5923C7DB930084FC60 /* EventsSearchPresenter.swift */ = {isa = PBXFileReference; fileEncoding = 4; lastKnownFileType = sourcecode.swift; path = EventsSearchPresenter.swift; sourceTree = "<group>"; };
		F6343E5A23C7DB930084FC60 /* EventsSearchRouter.swift */ = {isa = PBXFileReference; fileEncoding = 4; lastKnownFileType = sourcecode.swift; path = EventsSearchRouter.swift; sourceTree = "<group>"; };
		F6343E5B23C7DB940084FC60 /* EventsSearchViewController.swift */ = {isa = PBXFileReference; fileEncoding = 4; lastKnownFileType = sourcecode.swift; path = EventsSearchViewController.swift; sourceTree = "<group>"; };
		F6343E5C23C7DB940084FC60 /* EventsSearchProtocols.swift */ = {isa = PBXFileReference; fileEncoding = 4; lastKnownFileType = sourcecode.swift; path = EventsSearchProtocols.swift; sourceTree = "<group>"; };
		F6343E5D23C7DB940084FC60 /* EventsSearchConfigurator.swift */ = {isa = PBXFileReference; fileEncoding = 4; lastKnownFileType = sourcecode.swift; path = EventsSearchConfigurator.swift; sourceTree = "<group>"; };
		F6343E6423C7DE750084FC60 /* EventsSearchTableViewCell.swift */ = {isa = PBXFileReference; lastKnownFileType = sourcecode.swift; path = EventsSearchTableViewCell.swift; sourceTree = "<group>"; };
		F6343E6523C7DE750084FC60 /* EventsSearchTableViewCell.xib */ = {isa = PBXFileReference; lastKnownFileType = file.xib; path = EventsSearchTableViewCell.xib; sourceTree = "<group>"; };
		F6343E6923C897520084FC60 /* EventsSearchParamsView.swift */ = {isa = PBXFileReference; lastKnownFileType = sourcecode.swift; path = EventsSearchParamsView.swift; sourceTree = "<group>"; };
		F6343E6C23C923D00084FC60 /* EventPresenter.swift */ = {isa = PBXFileReference; fileEncoding = 4; lastKnownFileType = sourcecode.swift; path = EventPresenter.swift; sourceTree = "<group>"; };
		F6343E6D23C923D00084FC60 /* EventProtocols.swift */ = {isa = PBXFileReference; fileEncoding = 4; lastKnownFileType = sourcecode.swift; path = EventProtocols.swift; sourceTree = "<group>"; };
		F6343E6E23C923D00084FC60 /* EventRouter.swift */ = {isa = PBXFileReference; fileEncoding = 4; lastKnownFileType = sourcecode.swift; path = EventRouter.swift; sourceTree = "<group>"; };
		F6343E6F23C923D00084FC60 /* EventViewController.swift */ = {isa = PBXFileReference; fileEncoding = 4; lastKnownFileType = sourcecode.swift; path = EventViewController.swift; sourceTree = "<group>"; };
		F6343E7023C923D00084FC60 /* EventInteractor.swift */ = {isa = PBXFileReference; fileEncoding = 4; lastKnownFileType = sourcecode.swift; path = EventInteractor.swift; sourceTree = "<group>"; };
		F6343E7123C923D00084FC60 /* EventConfigurator.swift */ = {isa = PBXFileReference; fileEncoding = 4; lastKnownFileType = sourcecode.swift; path = EventConfigurator.swift; sourceTree = "<group>"; };
		F6343E7823CA1BBD0084FC60 /* Role.swift */ = {isa = PBXFileReference; lastKnownFileType = sourcecode.swift; path = Role.swift; sourceTree = "<group>"; };
		F6343E7B23CA74AD0084FC60 /* EventCoreData.swift */ = {isa = PBXFileReference; lastKnownFileType = sourcecode.swift; path = EventCoreData.swift; sourceTree = "<group>"; };
		F64D20232364B9FB003BBE52 /* SignUpViewController.swift */ = {isa = PBXFileReference; lastKnownFileType = sourcecode.swift; path = SignUpViewController.swift; sourceTree = "<group>"; };
		F64D20272364FA35003BBE52 /* HTTPRequest.swift */ = {isa = PBXFileReference; lastKnownFileType = sourcecode.swift; path = HTTPRequest.swift; sourceTree = "<group>"; };
		F65D1CD22389722C0021179F /* EventCreationInteractor.swift */ = {isa = PBXFileReference; fileEncoding = 4; lastKnownFileType = sourcecode.swift; path = EventCreationInteractor.swift; sourceTree = "<group>"; };
		F65D1CD32389722C0021179F /* EventCreationRouter.swift */ = {isa = PBXFileReference; fileEncoding = 4; lastKnownFileType = sourcecode.swift; path = EventCreationRouter.swift; sourceTree = "<group>"; };
		F65D1CD42389722C0021179F /* EventCreationConfigurator.swift */ = {isa = PBXFileReference; fileEncoding = 4; lastKnownFileType = sourcecode.swift; path = EventCreationConfigurator.swift; sourceTree = "<group>"; };
		F65D1CD52389722C0021179F /* EventCreationPresenter.swift */ = {isa = PBXFileReference; fileEncoding = 4; lastKnownFileType = sourcecode.swift; path = EventCreationPresenter.swift; sourceTree = "<group>"; };
		F65D1CD62389722C0021179F /* EventCreationProtocols.swift */ = {isa = PBXFileReference; fileEncoding = 4; lastKnownFileType = sourcecode.swift; path = EventCreationProtocols.swift; sourceTree = "<group>"; };
		F65D1CD72389722C0021179F /* EventCreationViewController.swift */ = {isa = PBXFileReference; fileEncoding = 4; lastKnownFileType = sourcecode.swift; path = EventCreationViewController.swift; sourceTree = "<group>"; };
		F65D1CE1238C2B680021179F /* TimeViewController.swift */ = {isa = PBXFileReference; lastKnownFileType = sourcecode.swift; path = TimeViewController.swift; sourceTree = "<group>"; };
		F65D1CE2238C2B680021179F /* TimeViewController.xib */ = {isa = PBXFileReference; lastKnownFileType = file.xib; path = TimeViewController.xib; sourceTree = "<group>"; };
		F65D1CE5238DD4760021179F /* TimeTableViewCell.swift */ = {isa = PBXFileReference; lastKnownFileType = sourcecode.swift; path = TimeTableViewCell.swift; sourceTree = "<group>"; };
		F65D1CE6238DD4760021179F /* TimeTableViewCell.xib */ = {isa = PBXFileReference; lastKnownFileType = file.xib; path = TimeTableViewCell.xib; sourceTree = "<group>"; };
		F65D1CE9238E54F30021179F /* Date.swift */ = {isa = PBXFileReference; lastKnownFileType = sourcecode.swift; path = Date.swift; sourceTree = "<group>"; };
		F65D1CEB238E6EF00021179F /* Event.swift */ = {isa = PBXFileReference; fileEncoding = 4; lastKnownFileType = sourcecode.swift; path = Event.swift; sourceTree = "<group>"; };
		F65D1CEF23912A8C0021179F /* String.swift */ = {isa = PBXFileReference; lastKnownFileType = sourcecode.swift; path = String.swift; sourceTree = "<group>"; };
		F6715F0723CDF14600A9F9A7 /* ARView.swift */ = {isa = PBXFileReference; lastKnownFileType = sourcecode.swift; path = ARView.swift; sourceTree = "<group>"; };
		F6715F0923CE560900A9F9A7 /* UIView.swift */ = {isa = PBXFileReference; lastKnownFileType = sourcecode.swift; path = UIView.swift; sourceTree = "<group>"; };
		F6715F0C23CE856B00A9F9A7 /* MyEventsViewController.swift */ = {isa = PBXFileReference; fileEncoding = 4; lastKnownFileType = sourcecode.swift; path = MyEventsViewController.swift; sourceTree = "<group>"; };
		F6715F0D23CE856B00A9F9A7 /* MyEventsConfigurator.swift */ = {isa = PBXFileReference; fileEncoding = 4; lastKnownFileType = sourcecode.swift; path = MyEventsConfigurator.swift; sourceTree = "<group>"; };
		F6715F0E23CE856B00A9F9A7 /* MyEventsProtocols.swift */ = {isa = PBXFileReference; fileEncoding = 4; lastKnownFileType = sourcecode.swift; path = MyEventsProtocols.swift; sourceTree = "<group>"; };
		F6715F0F23CE856B00A9F9A7 /* MyEventsPresenter.swift */ = {isa = PBXFileReference; fileEncoding = 4; lastKnownFileType = sourcecode.swift; path = MyEventsPresenter.swift; sourceTree = "<group>"; };
		F6715F1023CE856B00A9F9A7 /* MyEventsInteractor.swift */ = {isa = PBXFileReference; fileEncoding = 4; lastKnownFileType = sourcecode.swift; path = MyEventsInteractor.swift; sourceTree = "<group>"; };
		F6715F1123CE856B00A9F9A7 /* MyEventsRouter.swift */ = {isa = PBXFileReference; fileEncoding = 4; lastKnownFileType = sourcecode.swift; path = MyEventsRouter.swift; sourceTree = "<group>"; };
		F6715F1823CE8F5B00A9F9A7 /* ListLandmarksItem.swift */ = {isa = PBXFileReference; fileEncoding = 4; lastKnownFileType = sourcecode.swift; path = ListLandmarksItem.swift; sourceTree = "<group>"; };
		F6715F1923CE8F5B00A9F9A7 /* ListLandmarksItem.xib */ = {isa = PBXFileReference; fileEncoding = 4; lastKnownFileType = file.xib; name = ListLandmarksItem.xib; path = ipar/AR/ListLandmarksItem.xib; sourceTree = SOURCE_ROOT; };
		F6715F1D23CF00BC00A9F9A7 /* Almofire.swift */ = {isa = PBXFileReference; lastKnownFileType = sourcecode.swift; path = Almofire.swift; sourceTree = "<group>"; };
		F6715F1F23CF4A1F00A9F9A7 /* zh-Hans */ = {isa = PBXFileReference; lastKnownFileType = text.plist.strings; name = "zh-Hans"; path = "zh-Hans.lproj/MapSearch.strings"; sourceTree = "<group>"; };
		F6715F2023CF4A1F00A9F9A7 /* zh-Hans */ = {isa = PBXFileReference; lastKnownFileType = text.plist.strings; name = "zh-Hans"; path = "zh-Hans.lproj/Creation.strings"; sourceTree = "<group>"; };
		F6715F2123CF4A1F00A9F9A7 /* zh-Hans */ = {isa = PBXFileReference; lastKnownFileType = text.plist.strings; name = "zh-Hans"; path = "zh-Hans.lproj/Me.strings"; sourceTree = "<group>"; };
		F6715F2223CF4A1F00A9F9A7 /* zh-Hans */ = {isa = PBXFileReference; lastKnownFileType = text.plist.strings; name = "zh-Hans"; path = "zh-Hans.lproj/LoginViewController.strings"; sourceTree = "<group>"; };
		F6715F2323CF4A2000A9F9A7 /* zh-Hans */ = {isa = PBXFileReference; lastKnownFileType = text.plist.strings; name = "zh-Hans"; path = "zh-Hans.lproj/AuthViewController.strings"; sourceTree = "<group>"; };
		F6715F2423CF4A2000A9F9A7 /* zh-Hans */ = {isa = PBXFileReference; lastKnownFileType = text.plist.strings; name = "zh-Hans"; path = "zh-Hans.lproj/SignUpViewController.strings"; sourceTree = "<group>"; };
		F6715F2523CF4A2000A9F9A7 /* zh-Hans */ = {isa = PBXFileReference; lastKnownFileType = text.plist.strings; name = "zh-Hans"; path = "zh-Hans.lproj/LaunchScreen.strings"; sourceTree = "<group>"; };
		F6715F2623CF4A2000A9F9A7 /* zh-Hans */ = {isa = PBXFileReference; lastKnownFileType = text.plist.strings; name = "zh-Hans"; path = "../zh-Hans.lproj/Localizable.strings"; sourceTree = "<group>"; };
		F675B29023C3F411005DC9CE /* PlacesView.swift */ = {isa = PBXFileReference; lastKnownFileType = sourcecode.swift; path = PlacesView.swift; sourceTree = "<group>"; };
		F678672723C0046A008080A2 /* UIColor.swift */ = {isa = PBXFileReference; lastKnownFileType = sourcecode.swift; path = UIColor.swift; sourceTree = "<group>"; };
		F678672A23C0F7AB008080A2 /* HashtagsParser.swift */ = {isa = PBXFileReference; lastKnownFileType = sourcecode.swift; path = HashtagsParser.swift; sourceTree = "<group>"; };
		F678672D23C27B67008080A2 /* PlaceInteractor.swift */ = {isa = PBXFileReference; fileEncoding = 4; lastKnownFileType = sourcecode.swift; path = PlaceInteractor.swift; sourceTree = "<group>"; };
		F678672E23C27B67008080A2 /* PlaceProtocols.swift */ = {isa = PBXFileReference; fileEncoding = 4; lastKnownFileType = sourcecode.swift; path = PlaceProtocols.swift; sourceTree = "<group>"; };
		F678672F23C27B67008080A2 /* PlaceConfigurator.swift */ = {isa = PBXFileReference; fileEncoding = 4; lastKnownFileType = sourcecode.swift; path = PlaceConfigurator.swift; sourceTree = "<group>"; };
		F678673023C27B67008080A2 /* PlaceRouter.swift */ = {isa = PBXFileReference; fileEncoding = 4; lastKnownFileType = sourcecode.swift; path = PlaceRouter.swift; sourceTree = "<group>"; };
		F678673123C27B67008080A2 /* PlaceViewController.swift */ = {isa = PBXFileReference; fileEncoding = 4; lastKnownFileType = sourcecode.swift; path = PlaceViewController.swift; sourceTree = "<group>"; };
		F678673223C27B67008080A2 /* PlacePresenter.swift */ = {isa = PBXFileReference; fileEncoding = 4; lastKnownFileType = sourcecode.swift; path = PlacePresenter.swift; sourceTree = "<group>"; };
		F678675D23C3E2C2008080A2 /* AddCommentViewController.swift */ = {isa = PBXFileReference; lastKnownFileType = sourcecode.swift; path = AddCommentViewController.swift; sourceTree = "<group>"; };
		F678675E23C3E2C2008080A2 /* AddCommentViewController.xib */ = {isa = PBXFileReference; lastKnownFileType = file.xib; name = AddCommentViewController.xib; path = ipar/Place/AddComment/AddCommentViewController.xib; sourceTree = SOURCE_ROOT; };
		F6928F0723BEB41F00661BDF /* PlacesSearchParamsView.swift */ = {isa = PBXFileReference; lastKnownFileType = sourcecode.swift; path = PlacesSearchParamsView.swift; sourceTree = "<group>"; };
		F6928F0923BFF91300661BDF /* UIStackView.swift */ = {isa = PBXFileReference; lastKnownFileType = sourcecode.swift; path = UIStackView.swift; sourceTree = "<group>"; };
		F6B2ECE723CB253F00A2B846 /* ARViewController.swift */ = {isa = PBXFileReference; lastKnownFileType = sourcecode.swift; path = ARViewController.swift; sourceTree = "<group>"; };
		F6D218ED23C4D28000DE708A /* BindableGestureRecognizer.swift */ = {isa = PBXFileReference; lastKnownFileType = sourcecode.swift; path = BindableGestureRecognizer.swift; sourceTree = "<group>"; };
		F6D218EF23C4DF9700DE708A /* PlacesCellView.swift */ = {isa = PBXFileReference; lastKnownFileType = sourcecode.swift; path = PlacesCellView.swift; sourceTree = "<group>"; };
		F6D218F123C4F0CA00DE708A /* CustomPin.swift */ = {isa = PBXFileReference; lastKnownFileType = sourcecode.swift; path = CustomPin.swift; sourceTree = "<group>"; };
/* End PBXFileReference section */

/* Begin PBXFrameworksBuildPhase section */
		CA8DBF5023550DDA00A1641B /* Frameworks */ = {
			isa = PBXFrameworksBuildPhase;
			buildActionMask = 2147483647;
			files = (
				D8F50BC69BD0E29AB7A97FAC /* Pods_ipar.framework in Frameworks */,
			);
			runOnlyForDeploymentPostprocessing = 0;
		};
/* End PBXFrameworksBuildPhase section */

/* Begin PBXGroup section */
		026B263423CDF40400ABBBC6 /* Models */ = {
			isa = PBXGroup;
			children = (
				026B263523CDF43A00ABBBC6 /* Model.swift */,
			);
			path = Models;
			sourceTree = "<group>";
		};
		02FBA6692370480200CF0A23 /* Validation */ = {
			isa = PBXGroup;
			children = (
				02FBA66A2370485B00CF0A23 /* Validation.swift */,
			);
			path = Validation;
			sourceTree = "<group>";
		};
		250B84AA0AF0A06576C255E9 /* Frameworks */ = {
			isa = PBXGroup;
			children = (
				A1C9736D01DB1983A975A008 /* Pods_ipar.framework */,
			);
			name = Frameworks;
			sourceTree = "<group>";
		};
		3E54DB8C23CD1BDB0073AEEF /* Home */ = {
			isa = PBXGroup;
			children = (
				3E54DB9123CD1D1C0073AEEF /* HomeCollectionViewCell.swift */,
				3E54DB9223CD1D1C0073AEEF /* HomeCollectionViewCell.xib */,
				3E54DB9523CD1D560073AEEF /* HomeConfigurator.swift */,
				3E54DB9723CD1D7A0073AEEF /* HomeInteractor.swift */,
				3E54DB9923CD1DAD0073AEEF /* HomePresenter.swift */,
				3E54DB9B23CD1DDB0073AEEF /* HomeProtocols.swift */,
				3E54DB9D23CD1DFA0073AEEF /* HomeRouter.swift */,
				3E54DB9F23CD1E570073AEEF /* HomeViewController.swift */,
			);
			path = Home;
			sourceTree = "<group>";
		};
		C793042F43C897FFA8AA1687 /* Pods */ = {
			isa = PBXGroup;
			children = (
				444C1A5CBF4B5810F20A7552 /* Pods-ipar.debug.xcconfig */,
				7FA528CCC420BBBD9F80AB71 /* Pods-ipar.release.xcconfig */,
			);
			name = Pods;
			sourceTree = "<group>";
		};
		CA8DBF4A23550DDA00A1641B = {
			isa = PBXGroup;
			children = (
				CA8DBF5523550DDA00A1641B /* ipar */,
				CA8DBF5423550DDA00A1641B /* Products */,
				F6715F1C23CE936500A9F9A7 /* Recovered References */,
				C793042F43C897FFA8AA1687 /* Pods */,
				250B84AA0AF0A06576C255E9 /* Frameworks */,
			);
			sourceTree = "<group>";
		};
		CA8DBF5423550DDA00A1641B /* Products */ = {
			isa = PBXGroup;
			children = (
				CA8DBF5323550DDA00A1641B /* ipar.app */,
			);
			name = Products;
			sourceTree = "<group>";
		};
		CA8DBF5523550DDA00A1641B /* ipar */ = {
			isa = PBXGroup;
			children = (
				026B263423CDF40400ABBBC6 /* Models */,
				F6715F0B23CE855600A9F9A7 /* MyEvents */,
				F6B2ECE623CB252F00A2B846 /* AR */,
				3E54DB8C23CD1BDB0073AEEF /* Home */,
				F6343E7A23CA72290084FC60 /* CoreData */,
				F6343E6B23C923980084FC60 /* Event */,
				F6343E5723C7DB7B0084FC60 /* EventsSearch */,
				F678672C23C27B51008080A2 /* Place */,
				F615811A23BD6F75009D8542 /* PlacesSearch */,
				F65D1CDE238C2A080021179F /* Time */,
				F6168066237EF69C000B54C5 /* XIBs */,
				F616801D2378AF81000B54C5 /* CreationModules */,
				F61680182376120C000B54C5 /* Localizable.strings */,
				F64D20252364F9D2003BBE52 /* Utils */,
				F61242C5236F509C00C18009 /* Extensions and Classes */,
				F61242CA2370CD1800C18009 /* Me */,
				F61242B32368D9EE00C18009 /* Login */,
				CA8DBF5623550DDA00A1641B /* AppDelegate.swift */,
				F620F09A2363C123006EDE9B /* Auth */,
				F620F0A52364ABAB006EDE9B /* SignUp */,
				F620F0AE2364ACD8006EDE9B /* Entities */,
				CA8DBF5F23550DDB00A1641B /* Assets.xcassets */,
				CA8DBF6123550DDB00A1641B /* LaunchScreen.storyboard */,
				CA8DBF6423550DDB00A1641B /* Info.plist */,
				F61242B12367306500C18009 /* MainTabBarViewController.swift */,
			);
			path = ipar;
			sourceTree = "<group>";
		};
		F612426C2365F00000C18009 /* Keychain */ = {
			isa = PBXGroup;
			children = (
				F612426A2365E9E400C18009 /* Keychain.swift */,
			);
			path = Keychain;
			sourceTree = "<group>";
		};
		F61242B32368D9EE00C18009 /* Login */ = {
			isa = PBXGroup;
			children = (
				F616800B2375D7EF000B54C5 /* LoginViewController.xib */,
				F61242B62368DA0300C18009 /* LoginConfigurator.swift */,
				F61242B82368DA0300C18009 /* LoginInteractor.swift */,
				F61242B52368DA0300C18009 /* LoginPresenter.swift */,
				F61242B42368DA0300C18009 /* LoginProtocols.swift */,
				F61242B72368DA0300C18009 /* LoginViewController.swift */,
			);
			path = Login;
			sourceTree = "<group>";
		};
		F61242C5236F509C00C18009 /* Extensions and Classes */ = {
			isa = PBXGroup;
			children = (
				F61242C6236F50B100C18009 /* UIImage.swift */,
				F61242C8236F50DF00C18009 /* Encodable.swift */,
				F61243012372B0BF00C18009 /* UITableView.swift */,
				F616803B237DB468000B54C5 /* MKPlacemark.swift */,
				F65D1CE9238E54F30021179F /* Date.swift */,
				F65D1CEF23912A8C0021179F /* String.swift */,
				F6928F0923BFF91300661BDF /* UIStackView.swift */,
				F678672723C0046A008080A2 /* UIColor.swift */,
				F6D218ED23C4D28000DE708A /* BindableGestureRecognizer.swift */,
				F6D218F123C4F0CA00DE708A /* CustomPin.swift */,
				F6715F0923CE560900A9F9A7 /* UIView.swift */,
				F6715F1D23CF00BC00A9F9A7 /* Almofire.swift */,
			);
			path = "Extensions and Classes";
			sourceTree = "<group>";
		};
		F61242CA2370CD1800C18009 /* Me */ = {
			isa = PBXGroup;
			children = (
				F61242CE2370CD7E00C18009 /* MeConfigurator.swift */,
				F61242CB2370CD7E00C18009 /* MeInteractor.swift */,
				F61242CD2370CD7E00C18009 /* MePresenter.swift */,
				F61242CC2370CD7E00C18009 /* MeProtocols.swift */,
				F61242CF2370CD7E00C18009 /* MeRouter.swift */,
				F61242D02370CD7E00C18009 /* MeViewController.swift */,
				F61680062375D575000B54C5 /* Me.storyboard */,
				F61242D923719EE100C18009 /* MeTableViewCell.swift */,
				F61242DA23719EE100C18009 /* MeTableViewCell.xib */,
			);
			path = Me;
			sourceTree = "<group>";
		};
		F615811A23BD6F75009D8542 /* PlacesSearch */ = {
			isa = PBXGroup;
			children = (
				F615811B23BD6FC8009D8542 /* PlacesSearchConfigurator.swift */,
				F615811E23BD6FC8009D8542 /* PlacesSearchInteractor.swift */,
				F615811D23BD6FC8009D8542 /* PlacesSearchPresenter.swift */,
				F615811F23BD6FC8009D8542 /* PlacesSearchProtocols.swift */,
				F615811C23BD6FC8009D8542 /* PlacesSearchRouter.swift */,
				F615812023BD6FC8009D8542 /* PlacesSearchViewController.swift */,
				F6928F0423BEB3D600661BDF /* PlacesSearchParamsView */,
			);
			path = PlacesSearch;
			sourceTree = "<group>";
		};
		F616801D2378AF81000B54C5 /* CreationModules */ = {
			isa = PBXGroup;
			children = (
				F65D1CD1238971F40021179F /* EventCreation */,
				F61680202378BBD9000B54C5 /* PlaceCreation */,
				F616801E2378B0C2000B54C5 /* CreationTabBarViewController.swift */,
				F61CDC30237F66400062BFD8 /* Creation.storyboard */,
			);
			path = CreationModules;
			sourceTree = "<group>";
		};
		F61680202378BBD9000B54C5 /* PlaceCreation */ = {
			isa = PBXGroup;
			children = (
				F6168031237B6327000B54C5 /* MapSearch */,
				F61680262378BC86000B54C5 /* PlaceCreationConfigurator.swift */,
				F61680212378BC86000B54C5 /* PlaceCreationInteractor.swift */,
				F61680252378BC86000B54C5 /* PlaceCreationPresenter.swift */,
				F61680232378BC86000B54C5 /* PlaceCreationProtocols.swift */,
				F61680242378BC86000B54C5 /* PlaceCreationRouter.swift */,
				F61680222378BC86000B54C5 /* PlaceCreationViewController.swift */,
			);
			path = PlaceCreation;
			sourceTree = "<group>";
		};
		F6168031237B6327000B54C5 /* MapSearch */ = {
			isa = PBXGroup;
			children = (
				F61CDC37237F66B40062BFD8 /* MapSearch.storyboard */,
				F6168034237B67F5000B54C5 /* MapSearchViewController.swift */,
				F6168037237B7272000B54C5 /* MapSearchTableViewController.swift */,
			);
			path = MapSearch;
			sourceTree = "<group>";
		};
		F6168066237EF69C000B54C5 /* XIBs */ = {
			isa = PBXGroup;
			children = (
				F615812723BE375D009D8542 /* PlacesSearchTableViewCell.swift */,
				F615812823BE375D009D8542 /* PlacesSearchTableViewCell.xib */,
				F6168069237EF9CB000B54C5 /* AddPhotoCollectionViewCell.swift */,
				F6168067237EF9CB000B54C5 /* AddPhotoCollectionViewCell.xib */,
				F6168068237EF9CB000B54C5 /* PhotoCollectionViewCell.swift */,
				F616806A237EF9CB000B54C5 /* PhotoCollectionViewCell.xib */,
				F6343E6423C7DE750084FC60 /* EventsSearchTableViewCell.swift */,
				F6343E6523C7DE750084FC60 /* EventsSearchTableViewCell.xib */,
			);
			path = XIBs;
			sourceTree = "<group>";
		};
		F620F09A2363C123006EDE9B /* Auth */ = {
			isa = PBXGroup;
			children = (
				F620F09D2363C92D006EDE9B /* AuthConfigurator.swift */,
				F620F0962363C11A006EDE9B /* AuthViewController.swift */,
				F61680102375D8E3000B54C5 /* AuthViewController.xib */,
				F620F09F2363C94F006EDE9B /* AuthPresenter.swift */,
				F620F0A12363CBD8006EDE9B /* AuthRouter.swift */,
				F620F09B2363C4D0006EDE9B /* AuthProtocols.swift */,
			);
			path = Auth;
			sourceTree = "<group>";
		};
		F620F0A52364ABAB006EDE9B /* SignUp */ = {
			isa = PBXGroup;
			children = (
				F64D20232364B9FB003BBE52 /* SignUpViewController.swift */,
				F61680152375D942000B54C5 /* SignUpViewController.xib */,
				F620F0B12364AECD006EDE9B /* SignUpConfigurator.swift */,
				F620F0A82364ACBA006EDE9B /* SignUpPresenter.swift */,
				F620F0AA2364ACC9006EDE9B /* SignUpInteractor.swift */,
				F620F0A62364ABC6006EDE9B /* SignUpProtocols.swift */,
			);
			name = SignUp;
			path = ..;
			sourceTree = "<group>";
		};
		F620F0AE2364ACD8006EDE9B /* Entities */ = {
			isa = PBXGroup;
			children = (
				F65D1CEB238E6EF00021179F /* Event.swift */,
				F620F0AF2364ACFC006EDE9B /* User.swift */,
				F61242C32368DF5100C18009 /* LoginUser.swift */,
				02ED7A0F2372AE6A00D69DB0 /* HTTPError.swift */,
				F6168039237DA5C8000B54C5 /* Place.swift */,
				F6343E7823CA1BBD0084FC60 /* Role.swift */,
			);
			path = Entities;
			sourceTree = "<group>";
		};
		F6343E5723C7DB7B0084FC60 /* EventsSearch */ = {
			isa = PBXGroup;
			children = (
				F6343E5D23C7DB940084FC60 /* EventsSearchConfigurator.swift */,
				F6343E5823C7DB930084FC60 /* EventsSearchInteractor.swift */,
				F6343E5923C7DB930084FC60 /* EventsSearchPresenter.swift */,
				F6343E5C23C7DB940084FC60 /* EventsSearchProtocols.swift */,
				F6343E5A23C7DB930084FC60 /* EventsSearchRouter.swift */,
				F6343E5B23C7DB940084FC60 /* EventsSearchViewController.swift */,
				F6343E6823C8973C0084FC60 /* EventsSearchParamsView */,
			);
			path = EventsSearch;
			sourceTree = "<group>";
		};
		F6343E6823C8973C0084FC60 /* EventsSearchParamsView */ = {
			isa = PBXGroup;
			children = (
				F6343E6923C897520084FC60 /* EventsSearchParamsView.swift */,
			);
			path = EventsSearchParamsView;
			sourceTree = "<group>";
		};
		F6343E6B23C923980084FC60 /* Event */ = {
			isa = PBXGroup;
			children = (
				F6343E7123C923D00084FC60 /* EventConfigurator.swift */,
				F6343E7023C923D00084FC60 /* EventInteractor.swift */,
				F6343E6C23C923D00084FC60 /* EventPresenter.swift */,
				F6343E6D23C923D00084FC60 /* EventProtocols.swift */,
				F6343E6E23C923D00084FC60 /* EventRouter.swift */,
				F6343E6F23C923D00084FC60 /* EventViewController.swift */,
			);
			path = Event;
			sourceTree = "<group>";
		};
		F6343E7A23CA72290084FC60 /* CoreData */ = {
			isa = PBXGroup;
			children = (
				F6343E7B23CA74AD0084FC60 /* EventCoreData.swift */,
			);
			path = CoreData;
			sourceTree = "<group>";
		};
		F64D20252364F9D2003BBE52 /* Utils */ = {
			isa = PBXGroup;
			children = (
				F678672923C0F79B008080A2 /* Parsers */,
				02FBA6692370480200CF0A23 /* Validation */,
				F612426C2365F00000C18009 /* Keychain */,
				F64D20262364F9DE003BBE52 /* Network */,
			);
			path = Utils;
			sourceTree = "<group>";
		};
		F64D20262364F9DE003BBE52 /* Network */ = {
			isa = PBXGroup;
			children = (
				F64D20272364FA35003BBE52 /* HTTPRequest.swift */,
			);
			path = Network;
			sourceTree = "<group>";
		};
		F65D1CD1238971F40021179F /* EventCreation */ = {
			isa = PBXGroup;
			children = (
				F65D1CD42389722C0021179F /* EventCreationConfigurator.swift */,
				F65D1CD22389722C0021179F /* EventCreationInteractor.swift */,
				F65D1CD52389722C0021179F /* EventCreationPresenter.swift */,
				F65D1CD62389722C0021179F /* EventCreationProtocols.swift */,
				F65D1CD32389722C0021179F /* EventCreationRouter.swift */,
				F65D1CD72389722C0021179F /* EventCreationViewController.swift */,
				F675B28F23C3F3F4005DC9CE /* PlacesView */,
			);
			path = EventCreation;
			sourceTree = "<group>";
		};
		F65D1CDE238C2A080021179F /* Time */ = {
			isa = PBXGroup;
			children = (
				F65D1CE1238C2B680021179F /* TimeViewController.swift */,
				F65D1CE2238C2B680021179F /* TimeViewController.xib */,
				F65D1CE5238DD4760021179F /* TimeTableViewCell.swift */,
				F65D1CE6238DD4760021179F /* TimeTableViewCell.xib */,
			);
			path = Time;
			sourceTree = "<group>";
		};
		F6715F0B23CE855600A9F9A7 /* MyEvents */ = {
			isa = PBXGroup;
			children = (
				F6715F0D23CE856B00A9F9A7 /* MyEventsConfigurator.swift */,
				F6715F1023CE856B00A9F9A7 /* MyEventsInteractor.swift */,
				F6715F0F23CE856B00A9F9A7 /* MyEventsPresenter.swift */,
				F6715F0E23CE856B00A9F9A7 /* MyEventsProtocols.swift */,
				F6715F1123CE856B00A9F9A7 /* MyEventsRouter.swift */,
				F6715F0C23CE856B00A9F9A7 /* MyEventsViewController.swift */,
			);
			path = MyEvents;
			sourceTree = "<group>";
		};
		F6715F1C23CE936500A9F9A7 /* Recovered References */ = {
			isa = PBXGroup;
			children = (
			);
			name = "Recovered References";
			sourceTree = "<group>";
		};
		F675B28F23C3F3F4005DC9CE /* PlacesView */ = {
			isa = PBXGroup;
			children = (
				F675B29023C3F411005DC9CE /* PlacesView.swift */,
				F6D218EF23C4DF9700DE708A /* PlacesCellView.swift */,
			);
			path = PlacesView;
			sourceTree = "<group>";
		};
		F678672923C0F79B008080A2 /* Parsers */ = {
			isa = PBXGroup;
			children = (
				F678672A23C0F7AB008080A2 /* HashtagsParser.swift */,
			);
			path = Parsers;
			sourceTree = "<group>";
		};
		F678672C23C27B51008080A2 /* Place */ = {
			isa = PBXGroup;
			children = (
				F678672F23C27B67008080A2 /* PlaceConfigurator.swift */,
				F678672D23C27B67008080A2 /* PlaceInteractor.swift */,
				F678673223C27B67008080A2 /* PlacePresenter.swift */,
				F678672E23C27B67008080A2 /* PlaceProtocols.swift */,
				F678673023C27B67008080A2 /* PlaceRouter.swift */,
				F678673123C27B67008080A2 /* PlaceViewController.swift */,
				F678676123C3E2CB008080A2 /* AddComment */,
			);
			path = Place;
			sourceTree = "<group>";
		};
		F678676123C3E2CB008080A2 /* AddComment */ = {
			isa = PBXGroup;
			children = (
				F678675D23C3E2C2008080A2 /* AddCommentViewController.swift */,
				F678675E23C3E2C2008080A2 /* AddCommentViewController.xib */,
			);
			path = AddComment;
			sourceTree = "<group>";
		};
		F6928F0423BEB3D600661BDF /* PlacesSearchParamsView */ = {
			isa = PBXGroup;
			children = (
				F6928F0723BEB41F00661BDF /* PlacesSearchParamsView.swift */,
			);
			path = PlacesSearchParamsView;
			sourceTree = "<group>";
		};
		F6B2ECE623CB252F00A2B846 /* AR */ = {
			isa = PBXGroup;
			children = (
				F6715F1823CE8F5B00A9F9A7 /* ListLandmarksItem.swift */,
				F6715F1923CE8F5B00A9F9A7 /* ListLandmarksItem.xib */,
				F6B2ECE723CB253F00A2B846 /* ARViewController.swift */,
				F6715F0723CDF14600A9F9A7 /* ARView.swift */,
			);
			path = AR;
			sourceTree = "<group>";
		};
/* End PBXGroup section */

/* Begin PBXNativeTarget section */
		CA8DBF5223550DDA00A1641B /* ipar */ = {
			isa = PBXNativeTarget;
			buildConfigurationList = CA8DBF6723550DDB00A1641B /* Build configuration list for PBXNativeTarget "ipar" */;
			buildPhases = (
				8AA868B737E094119B5551A1 /* [CP] Check Pods Manifest.lock */,
				CA8DBF4F23550DDA00A1641B /* Sources */,
				CA8DBF5023550DDA00A1641B /* Frameworks */,
				CA8DBF5123550DDA00A1641B /* Resources */,
				46B80A7298AA9D7A097C9451 /* [CP] Embed Pods Frameworks */,
			);
			buildRules = (
			);
			dependencies = (
			);
			name = ipar;
			productName = ipar;
			productReference = CA8DBF5323550DDA00A1641B /* ipar.app */;
			productType = "com.apple.product-type.application";
		};
/* End PBXNativeTarget section */

/* Begin PBXProject section */
		CA8DBF4B23550DDA00A1641B /* Project object */ = {
			isa = PBXProject;
			attributes = {
				LastSwiftUpdateCheck = 1110;
				LastUpgradeCheck = 1110;
				ORGANIZATIONNAME = banda;
				TargetAttributes = {
					CA8DBF5223550DDA00A1641B = {
						CreatedOnToolsVersion = 11.1;
					};
				};
			};
			buildConfigurationList = CA8DBF4E23550DDA00A1641B /* Build configuration list for PBXProject "ipar" */;
			compatibilityVersion = "Xcode 9.3";
			developmentRegion = en;
			hasScannedForEncodings = 0;
			knownRegions = (
				en,
				Base,
				ru,
				"en-GB",
				"zh-Hans",
			);
			mainGroup = CA8DBF4A23550DDA00A1641B;
			productRefGroup = CA8DBF5423550DDA00A1641B /* Products */;
			projectDirPath = "";
			projectRoot = "";
			targets = (
				CA8DBF5223550DDA00A1641B /* ipar */,
			);
		};
/* End PBXProject section */

/* Begin PBXResourcesBuildPhase section */
		CA8DBF5123550DDA00A1641B /* Resources */ = {
			isa = PBXResourcesBuildPhase;
			buildActionMask = 2147483647;
			files = (
				CA8DBF6323550DDB00A1641B /* LaunchScreen.storyboard in Resources */,
				F616800E2375D8E3000B54C5 /* AuthViewController.xib in Resources */,
				F61680132375D942000B54C5 /* SignUpViewController.xib in Resources */,
				CA8DBF6023550DDB00A1641B /* Assets.xcassets in Resources */,
				F65D1CE4238C2B680021179F /* TimeViewController.xib in Resources */,
				F616806B237EF9CB000B54C5 /* AddPhotoCollectionViewCell.xib in Resources */,
				F61680042375D575000B54C5 /* Me.storyboard in Resources */,
				F616801A2376120C000B54C5 /* Localizable.strings in Resources */,
				F6715F1B23CE8F5B00A9F9A7 /* ListLandmarksItem.xib in Resources */,
				F678676023C3E2C2008080A2 /* AddCommentViewController.xib in Resources */,
				F61CDC2E237F66400062BFD8 /* Creation.storyboard in Resources */,
				F6343E6723C7DE750084FC60 /* EventsSearchTableViewCell.xib in Resources */,
				F615812A23BE375D009D8542 /* PlacesSearchTableViewCell.xib in Resources */,
				F61680092375D7EF000B54C5 /* LoginViewController.xib in Resources */,
				3E54DB9423CD1D1C0073AEEF /* HomeCollectionViewCell.xib in Resources */,
				F616806E237EF9CB000B54C5 /* PhotoCollectionViewCell.xib in Resources */,
				F61242DC23719EE100C18009 /* MeTableViewCell.xib in Resources */,
				F65D1CE8238DD4760021179F /* TimeTableViewCell.xib in Resources */,
				F61CDC35237F66B40062BFD8 /* MapSearch.storyboard in Resources */,
			);
			runOnlyForDeploymentPostprocessing = 0;
		};
/* End PBXResourcesBuildPhase section */

/* Begin PBXShellScriptBuildPhase section */
		46B80A7298AA9D7A097C9451 /* [CP] Embed Pods Frameworks */ = {
			isa = PBXShellScriptBuildPhase;
			buildActionMask = 2147483647;
			files = (
			);
			inputFileListPaths = (
			);
			inputPaths = (
				"${SRCROOT}/Pods/Target Support Files/Pods-ipar/Pods-ipar-frameworks.sh",
				"${BUILT_PRODUCTS_DIR}/ARCoreLocation/ARCoreLocation.framework",
				"${BUILT_PRODUCTS_DIR}/Alamofire/Alamofire.framework",
				"${BUILT_PRODUCTS_DIR}/KeychainSwift/KeychainSwift.framework",
				"${BUILT_PRODUCTS_DIR}/Kingfisher/Kingfisher.framework",
				"${BUILT_PRODUCTS_DIR}/Realm/Realm.framework",
				"${BUILT_PRODUCTS_DIR}/RealmSwift/RealmSwift.framework",
				"${BUILT_PRODUCTS_DIR}/XLPagerTabStrip/XLPagerTabStrip.framework",
			);
			name = "[CP] Embed Pods Frameworks";
			outputFileListPaths = (
			);
			outputPaths = (
				"${TARGET_BUILD_DIR}/${FRAMEWORKS_FOLDER_PATH}/ARCoreLocation.framework",
				"${TARGET_BUILD_DIR}/${FRAMEWORKS_FOLDER_PATH}/Alamofire.framework",
				"${TARGET_BUILD_DIR}/${FRAMEWORKS_FOLDER_PATH}/KeychainSwift.framework",
				"${TARGET_BUILD_DIR}/${FRAMEWORKS_FOLDER_PATH}/Kingfisher.framework",
				"${TARGET_BUILD_DIR}/${FRAMEWORKS_FOLDER_PATH}/Realm.framework",
				"${TARGET_BUILD_DIR}/${FRAMEWORKS_FOLDER_PATH}/RealmSwift.framework",
				"${TARGET_BUILD_DIR}/${FRAMEWORKS_FOLDER_PATH}/XLPagerTabStrip.framework",
			);
			runOnlyForDeploymentPostprocessing = 0;
			shellPath = /bin/sh;
			shellScript = "\"${SRCROOT}/Pods/Target Support Files/Pods-ipar/Pods-ipar-frameworks.sh\"\n";
			showEnvVarsInLog = 0;
		};
		8AA868B737E094119B5551A1 /* [CP] Check Pods Manifest.lock */ = {
			isa = PBXShellScriptBuildPhase;
			buildActionMask = 2147483647;
			files = (
			);
			inputFileListPaths = (
			);
			inputPaths = (
				"${PODS_PODFILE_DIR_PATH}/Podfile.lock",
				"${PODS_ROOT}/Manifest.lock",
			);
			name = "[CP] Check Pods Manifest.lock";
			outputFileListPaths = (
			);
			outputPaths = (
				"$(DERIVED_FILE_DIR)/Pods-ipar-checkManifestLockResult.txt",
			);
			runOnlyForDeploymentPostprocessing = 0;
			shellPath = /bin/sh;
			shellScript = "diff \"${PODS_PODFILE_DIR_PATH}/Podfile.lock\" \"${PODS_ROOT}/Manifest.lock\" > /dev/null\nif [ $? != 0 ] ; then\n    # print error to STDERR\n    echo \"error: The sandbox is not in sync with the Podfile.lock. Run 'pod install' or update your CocoaPods installation.\" >&2\n    exit 1\nfi\n# This output is used by Xcode 'outputs' to avoid re-running this script phase.\necho \"SUCCESS\" > \"${SCRIPT_OUTPUT_FILE_0}\"\n";
			showEnvVarsInLog = 0;
		};
/* End PBXShellScriptBuildPhase section */

/* Begin PBXSourcesBuildPhase section */
		CA8DBF4F23550DDA00A1641B /* Sources */ = {
			isa = PBXSourcesBuildPhase;
			buildActionMask = 2147483647;
			files = (
				F615812223BD6FC8009D8542 /* PlacesSearchRouter.swift in Sources */,
				F6343E7623C923D00084FC60 /* EventInteractor.swift in Sources */,
				F65D1CF023912A8C0021179F /* String.swift in Sources */,
				F6343E7523C923D00084FC60 /* EventViewController.swift in Sources */,
				F616803C237DB468000B54C5 /* MKPlacemark.swift in Sources */,
				F61242C9236F50DF00C18009 /* Encodable.swift in Sources */,
				F620F0A92364ACBA006EDE9B /* SignUpPresenter.swift in Sources */,
				F61242D22370CD7E00C18009 /* MeProtocols.swift in Sources */,
				F61680292378BC87000B54C5 /* PlaceCreationProtocols.swift in Sources */,
				F6928F0823BEB41F00661BDF /* PlacesSearchParamsView.swift in Sources */,
				F65D1CDC2389722C0021179F /* EventCreationProtocols.swift in Sources */,
				F61242D42370CD7E00C18009 /* MeConfigurator.swift in Sources */,
				3E54DB9E23CD1DFA0073AEEF /* HomeRouter.swift in Sources */,
				F61242D52370CD7E00C18009 /* MeRouter.swift in Sources */,
				F61242D12370CD7E00C18009 /* MeInteractor.swift in Sources */,
				F61242C7236F50B200C18009 /* UIImage.swift in Sources */,
				F6343E5E23C7DB940084FC60 /* EventsSearchInteractor.swift in Sources */,
				3E54DB9C23CD1DDB0073AEEF /* HomeProtocols.swift in Sources */,
				F61243022372B0BF00C18009 /* UITableView.swift in Sources */,
				F620F0982363C11A006EDE9B /* AuthViewController.swift in Sources */,
				02FBA66B2370485C00CF0A23 /* Validation.swift in Sources */,
				F6343E5F23C7DB940084FC60 /* EventsSearchPresenter.swift in Sources */,
				F65D1CD92389722C0021179F /* EventCreationRouter.swift in Sources */,
				F615812323BD6FC8009D8542 /* PlacesSearchPresenter.swift in Sources */,
				F61242BD2368DA0300C18009 /* LoginInteractor.swift in Sources */,
				F61242BB2368DA0300C18009 /* LoginConfigurator.swift in Sources */,
				F616806D237EF9CB000B54C5 /* AddPhotoCollectionViewCell.swift in Sources */,
				F615812623BD6FC8009D8542 /* PlacesSearchViewController.swift in Sources */,
				F620F0A02363C94F006EDE9B /* AuthPresenter.swift in Sources */,
				F678672B23C0F7AB008080A2 /* HashtagsParser.swift in Sources */,
				F620F0A72364ABC6006EDE9B /* SignUpProtocols.swift in Sources */,
				F616802C2378BC87000B54C5 /* PlaceCreationConfigurator.swift in Sources */,
				F6715F0823CDF14600A9F9A7 /* ARView.swift in Sources */,
				F6715F1323CE856B00A9F9A7 /* MyEventsConfigurator.swift in Sources */,
				F6D218EE23C4D28000DE708A /* BindableGestureRecognizer.swift in Sources */,
				F6343E6023C7DB940084FC60 /* EventsSearchRouter.swift in Sources */,
				F616802B2378BC87000B54C5 /* PlaceCreationPresenter.swift in Sources */,
				F678673723C27B67008080A2 /* PlaceViewController.swift in Sources */,
				F6343E6623C7DE750084FC60 /* EventsSearchTableViewCell.swift in Sources */,
				F616803A237DA5C9000B54C5 /* Place.swift in Sources */,
				F6715F1E23CF00BC00A9F9A7 /* Almofire.swift in Sources */,
				F6343E6323C7DB940084FC60 /* EventsSearchConfigurator.swift in Sources */,
				F612426B2365E9E400C18009 /* Keychain.swift in Sources */,
				F65D1CDB2389722C0021179F /* EventCreationPresenter.swift in Sources */,
				F620F0B22364AECD006EDE9B /* SignUpConfigurator.swift in Sources */,
				F61242BC2368DA0300C18009 /* LoginViewController.swift in Sources */,
				3E54DB9823CD1D7B0073AEEF /* HomeInteractor.swift in Sources */,
				F6343E6A23C897520084FC60 /* EventsSearchParamsView.swift in Sources */,
				F6928F0A23BFF91300661BDF /* UIStackView.swift in Sources */,
				F6168038237B7272000B54C5 /* MapSearchTableViewController.swift in Sources */,
				F6343E6123C7DB940084FC60 /* EventsSearchViewController.swift in Sources */,
				F61242C42368DF5100C18009 /* LoginUser.swift in Sources */,
				F678673423C27B67008080A2 /* PlaceProtocols.swift in Sources */,
				F61242D32370CD7E00C18009 /* MePresenter.swift in Sources */,
				F620F09E2363C92D006EDE9B /* AuthConfigurator.swift in Sources */,
				F61242B92368DA0300C18009 /* LoginProtocols.swift in Sources */,
				F678673523C27B67008080A2 /* PlaceConfigurator.swift in Sources */,
				F6715F0A23CE560900A9F9A7 /* UIView.swift in Sources */,
				F6343E7223C923D00084FC60 /* EventPresenter.swift in Sources */,
				F6343E6223C7DB940084FC60 /* EventsSearchProtocols.swift in Sources */,
				F65D1CD82389722C0021179F /* EventCreationInteractor.swift in Sources */,
				F61680272378BC87000B54C5 /* PlaceCreationInteractor.swift in Sources */,
				F678675F23C3E2C2008080A2 /* AddCommentViewController.swift in Sources */,
				F6D218F223C4F0CA00DE708A /* CustomPin.swift in Sources */,
				F616802A2378BC87000B54C5 /* PlaceCreationRouter.swift in Sources */,
				F65D1CDD2389722C0021179F /* EventCreationViewController.swift in Sources */,
				F675B29123C3F411005DC9CE /* PlacesView.swift in Sources */,
				F678673323C27B67008080A2 /* PlaceInteractor.swift in Sources */,
				F6343E7923CA1BBD0084FC60 /* Role.swift in Sources */,
				F61242DB23719EE100C18009 /* MeTableViewCell.swift in Sources */,
				F6715F1A23CE8F5B00A9F9A7 /* ListLandmarksItem.swift in Sources */,
				02ED7A102372AE6A00D69DB0 /* HTTPError.swift in Sources */,
				F64D20242364B9FB003BBE52 /* SignUpViewController.swift in Sources */,
				F6D218F023C4DF9700DE708A /* PlacesCellView.swift in Sources */,
				F61242B22367306500C18009 /* MainTabBarViewController.swift in Sources */,
				F615812923BE375D009D8542 /* PlacesSearchTableViewCell.swift in Sources */,
				F6715F1623CE856B00A9F9A7 /* MyEventsInteractor.swift in Sources */,
				3E54DBA023CD1E570073AEEF /* HomeViewController.swift in Sources */,
				F678673623C27B67008080A2 /* PlaceRouter.swift in Sources */,
				F616801F2378B0C2000B54C5 /* CreationTabBarViewController.swift in Sources */,
				F6715F1523CE856B00A9F9A7 /* MyEventsPresenter.swift in Sources */,
				F6715F1723CE856B00A9F9A7 /* MyEventsRouter.swift in Sources */,
				F65D1CEC238E6EF00021179F /* Event.swift in Sources */,
				3E54DB9323CD1D1C0073AEEF /* HomeCollectionViewCell.swift in Sources */,
				CA8DBF5723550DDA00A1641B /* AppDelegate.swift in Sources */,
				F6715F1423CE856B00A9F9A7 /* MyEventsProtocols.swift in Sources */,
				F65D1CEA238E54F30021179F /* Date.swift in Sources */,
				F61242BA2368DA0300C18009 /* LoginPresenter.swift in Sources */,
				F6715F1223CE856B00A9F9A7 /* MyEventsViewController.swift in Sources */,
				F615812523BD6FC8009D8542 /* PlacesSearchProtocols.swift in Sources */,
				F620F0B02364ACFC006EDE9B /* User.swift in Sources */,
				F615812123BD6FC8009D8542 /* PlacesSearchConfigurator.swift in Sources */,
				F615812423BD6FC8009D8542 /* PlacesSearchInteractor.swift in Sources */,
				F6343E7723C923D00084FC60 /* EventConfigurator.swift in Sources */,
				F61242D62370CD7E00C18009 /* MeViewController.swift in Sources */,
				F61680282378BC87000B54C5 /* PlaceCreationViewController.swift in Sources */,
				F620F09C2363C4D0006EDE9B /* AuthProtocols.swift in Sources */,
				F678672823C0046A008080A2 /* UIColor.swift in Sources */,
				3E54DB9623CD1D560073AEEF /* HomeConfigurator.swift in Sources */,
				F6343E7423C923D00084FC60 /* EventRouter.swift in Sources */,
				3E54DB9A23CD1DAD0073AEEF /* HomePresenter.swift in Sources */,
				F65D1CE3238C2B680021179F /* TimeViewController.swift in Sources */,
				F64D20282364FA35003BBE52 /* HTTPRequest.swift in Sources */,
				F6B2ECE823CB253F00A2B846 /* ARViewController.swift in Sources */,
				F65D1CDA2389722C0021179F /* EventCreationConfigurator.swift in Sources */,
				026B263623CDF43A00ABBBC6 /* Model.swift in Sources */,
				F678673823C27B67008080A2 /* PlacePresenter.swift in Sources */,
				F616806C237EF9CB000B54C5 /* PhotoCollectionViewCell.swift in Sources */,
				F65D1CE7238DD4760021179F /* TimeTableViewCell.swift in Sources */,
				F620F0AB2364ACC9006EDE9B /* SignUpInteractor.swift in Sources */,
				F620F0A22363CBD8006EDE9B /* AuthRouter.swift in Sources */,
				F6168035237B67F5000B54C5 /* MapSearchViewController.swift in Sources */,
				F6343E7323C923D00084FC60 /* EventProtocols.swift in Sources */,
				F6343E7C23CA74AD0084FC60 /* EventCoreData.swift in Sources */,
			);
			runOnlyForDeploymentPostprocessing = 0;
		};
/* End PBXSourcesBuildPhase section */

/* Begin PBXVariantGroup section */
		CA8DBF6123550DDB00A1641B /* LaunchScreen.storyboard */ = {
			isa = PBXVariantGroup;
			children = (
				CA8DBF6223550DDB00A1641B /* Base */,
				F61680032375D56F000B54C5 /* ru */,
				F61CDC42237F678C0062BFD8 /* en-GB */,
				F6715F2523CF4A2000A9F9A7 /* zh-Hans */,
			);
			name = LaunchScreen.storyboard;
			sourceTree = "<group>";
		};
		F61680062375D575000B54C5 /* Me.storyboard */ = {
			isa = PBXVariantGroup;
			children = (
				F61680072375D59C000B54C5 /* Base */,
				F61680082375D5A9000B54C5 /* ru */,
				F61CDC3E237F678C0062BFD8 /* en-GB */,
				F6715F2123CF4A1F00A9F9A7 /* zh-Hans */,
			);
			name = Me.storyboard;
			sourceTree = "<group>";
		};
		F616800B2375D7EF000B54C5 /* LoginViewController.xib */ = {
			isa = PBXVariantGroup;
			children = (
				F616800C2375D7F6000B54C5 /* Base */,
				F616800D2375D803000B54C5 /* ru */,
				F61CDC3F237F678C0062BFD8 /* en-GB */,
				F6715F2223CF4A1F00A9F9A7 /* zh-Hans */,
			);
			name = LoginViewController.xib;
			sourceTree = "<group>";
		};
		F61680102375D8E3000B54C5 /* AuthViewController.xib */ = {
			isa = PBXVariantGroup;
			children = (
				F61680112375D8E9000B54C5 /* Base */,
				F61680122375D8F0000B54C5 /* ru */,
				F61CDC40237F678C0062BFD8 /* en-GB */,
				F6715F2323CF4A2000A9F9A7 /* zh-Hans */,
			);
			name = AuthViewController.xib;
			sourceTree = "<group>";
		};
		F61680152375D942000B54C5 /* SignUpViewController.xib */ = {
			isa = PBXVariantGroup;
			children = (
				F61680162375D945000B54C5 /* Base */,
				F61680172375D957000B54C5 /* ru */,
				F61CDC41237F678C0062BFD8 /* en-GB */,
				F6715F2423CF4A2000A9F9A7 /* zh-Hans */,
			);
			name = SignUpViewController.xib;
			sourceTree = SOURCE_ROOT;
		};
		F61680182376120C000B54C5 /* Localizable.strings */ = {
			isa = PBXVariantGroup;
			children = (
				F61680192376120C000B54C5 /* ru */,
				F61CDC43237F678C0062BFD8 /* en-GB */,
				F6715F2623CF4A2000A9F9A7 /* zh-Hans */,
			);
			name = Localizable.strings;
			sourceTree = "<group>";
		};
		F61CDC30237F66400062BFD8 /* Creation.storyboard */ = {
			isa = PBXVariantGroup;
			children = (
				F61CDC31237F66460062BFD8 /* Base */,
				F61CDC33237F66490062BFD8 /* en */,
				F61CDC34237F66530062BFD8 /* ru */,
				F61CDC3D237F678C0062BFD8 /* en-GB */,
				F6715F2023CF4A1F00A9F9A7 /* zh-Hans */,
			);
			name = Creation.storyboard;
			sourceTree = "<group>";
		};
		F61CDC37237F66B40062BFD8 /* MapSearch.storyboard */ = {
			isa = PBXVariantGroup;
			children = (
				F61CDC38237F66B90062BFD8 /* Base */,
				F61CDC3A237F66BD0062BFD8 /* en */,
				F61CDC3B237F66C10062BFD8 /* ru */,
				F61CDC3C237F678C0062BFD8 /* en-GB */,
				F6715F1F23CF4A1F00A9F9A7 /* zh-Hans */,
			);
			name = MapSearch.storyboard;
			path = ipar/CreationModules/PlaceCreation/MapSearch;
			sourceTree = SOURCE_ROOT;
		};
/* End PBXVariantGroup section */

/* Begin XCBuildConfiguration section */
		CA8DBF6523550DDB00A1641B /* Debug */ = {
			isa = XCBuildConfiguration;
			buildSettings = {
				ALWAYS_SEARCH_USER_PATHS = NO;
				CLANG_ANALYZER_LOCALIZABILITY_NONLOCALIZED = YES;
				CLANG_ANALYZER_NONNULL = YES;
				CLANG_ANALYZER_NUMBER_OBJECT_CONVERSION = YES_AGGRESSIVE;
				CLANG_CXX_LANGUAGE_STANDARD = "gnu++14";
				CLANG_CXX_LIBRARY = "libc++";
				CLANG_ENABLE_MODULES = YES;
				CLANG_ENABLE_OBJC_ARC = YES;
				CLANG_ENABLE_OBJC_WEAK = YES;
				CLANG_WARN_BLOCK_CAPTURE_AUTORELEASING = YES;
				CLANG_WARN_BOOL_CONVERSION = YES;
				CLANG_WARN_COMMA = YES;
				CLANG_WARN_CONSTANT_CONVERSION = YES;
				CLANG_WARN_DEPRECATED_OBJC_IMPLEMENTATIONS = YES;
				CLANG_WARN_DIRECT_OBJC_ISA_USAGE = YES_ERROR;
				CLANG_WARN_DOCUMENTATION_COMMENTS = YES;
				CLANG_WARN_EMPTY_BODY = YES;
				CLANG_WARN_ENUM_CONVERSION = YES;
				CLANG_WARN_INFINITE_RECURSION = YES;
				CLANG_WARN_INT_CONVERSION = YES;
				CLANG_WARN_NON_LITERAL_NULL_CONVERSION = YES;
				CLANG_WARN_OBJC_IMPLICIT_RETAIN_SELF = YES;
				CLANG_WARN_OBJC_LITERAL_CONVERSION = YES;
				CLANG_WARN_OBJC_ROOT_CLASS = YES_ERROR;
				CLANG_WARN_RANGE_LOOP_ANALYSIS = YES;
				CLANG_WARN_STRICT_PROTOTYPES = YES;
				CLANG_WARN_SUSPICIOUS_MOVE = YES;
				CLANG_WARN_UNGUARDED_AVAILABILITY = YES_AGGRESSIVE;
				CLANG_WARN_UNREACHABLE_CODE = YES;
				CLANG_WARN__DUPLICATE_METHOD_MATCH = YES;
				COPY_PHASE_STRIP = NO;
				DEBUG_INFORMATION_FORMAT = dwarf;
				ENABLE_STRICT_OBJC_MSGSEND = YES;
				ENABLE_TESTABILITY = YES;
				GCC_C_LANGUAGE_STANDARD = gnu11;
				GCC_DYNAMIC_NO_PIC = NO;
				GCC_NO_COMMON_BLOCKS = YES;
				GCC_OPTIMIZATION_LEVEL = 0;
				GCC_PREPROCESSOR_DEFINITIONS = (
					"DEBUG=1",
					"$(inherited)",
				);
				GCC_WARN_64_TO_32_BIT_CONVERSION = YES;
				GCC_WARN_ABOUT_RETURN_TYPE = YES_ERROR;
				GCC_WARN_UNDECLARED_SELECTOR = YES;
				GCC_WARN_UNINITIALIZED_AUTOS = YES_AGGRESSIVE;
				GCC_WARN_UNUSED_FUNCTION = YES;
				GCC_WARN_UNUSED_VARIABLE = YES;
				IPHONEOS_DEPLOYMENT_TARGET = 13.1;
				MTL_ENABLE_DEBUG_INFO = INCLUDE_SOURCE;
				MTL_FAST_MATH = YES;
				ONLY_ACTIVE_ARCH = YES;
				SDKROOT = iphoneos;
				SWIFT_ACTIVE_COMPILATION_CONDITIONS = DEBUG;
				SWIFT_OPTIMIZATION_LEVEL = "-Onone";
			};
			name = Debug;
		};
		CA8DBF6623550DDB00A1641B /* Release */ = {
			isa = XCBuildConfiguration;
			buildSettings = {
				ALWAYS_SEARCH_USER_PATHS = NO;
				CLANG_ANALYZER_LOCALIZABILITY_NONLOCALIZED = YES;
				CLANG_ANALYZER_NONNULL = YES;
				CLANG_ANALYZER_NUMBER_OBJECT_CONVERSION = YES_AGGRESSIVE;
				CLANG_CXX_LANGUAGE_STANDARD = "gnu++14";
				CLANG_CXX_LIBRARY = "libc++";
				CLANG_ENABLE_MODULES = YES;
				CLANG_ENABLE_OBJC_ARC = YES;
				CLANG_ENABLE_OBJC_WEAK = YES;
				CLANG_WARN_BLOCK_CAPTURE_AUTORELEASING = YES;
				CLANG_WARN_BOOL_CONVERSION = YES;
				CLANG_WARN_COMMA = YES;
				CLANG_WARN_CONSTANT_CONVERSION = YES;
				CLANG_WARN_DEPRECATED_OBJC_IMPLEMENTATIONS = YES;
				CLANG_WARN_DIRECT_OBJC_ISA_USAGE = YES_ERROR;
				CLANG_WARN_DOCUMENTATION_COMMENTS = YES;
				CLANG_WARN_EMPTY_BODY = YES;
				CLANG_WARN_ENUM_CONVERSION = YES;
				CLANG_WARN_INFINITE_RECURSION = YES;
				CLANG_WARN_INT_CONVERSION = YES;
				CLANG_WARN_NON_LITERAL_NULL_CONVERSION = YES;
				CLANG_WARN_OBJC_IMPLICIT_RETAIN_SELF = YES;
				CLANG_WARN_OBJC_LITERAL_CONVERSION = YES;
				CLANG_WARN_OBJC_ROOT_CLASS = YES_ERROR;
				CLANG_WARN_RANGE_LOOP_ANALYSIS = YES;
				CLANG_WARN_STRICT_PROTOTYPES = YES;
				CLANG_WARN_SUSPICIOUS_MOVE = YES;
				CLANG_WARN_UNGUARDED_AVAILABILITY = YES_AGGRESSIVE;
				CLANG_WARN_UNREACHABLE_CODE = YES;
				CLANG_WARN__DUPLICATE_METHOD_MATCH = YES;
				COPY_PHASE_STRIP = NO;
				DEBUG_INFORMATION_FORMAT = "dwarf-with-dsym";
				ENABLE_NS_ASSERTIONS = NO;
				ENABLE_STRICT_OBJC_MSGSEND = YES;
				GCC_C_LANGUAGE_STANDARD = gnu11;
				GCC_NO_COMMON_BLOCKS = YES;
				GCC_WARN_64_TO_32_BIT_CONVERSION = YES;
				GCC_WARN_ABOUT_RETURN_TYPE = YES_ERROR;
				GCC_WARN_UNDECLARED_SELECTOR = YES;
				GCC_WARN_UNINITIALIZED_AUTOS = YES_AGGRESSIVE;
				GCC_WARN_UNUSED_FUNCTION = YES;
				GCC_WARN_UNUSED_VARIABLE = YES;
				IPHONEOS_DEPLOYMENT_TARGET = 13.1;
				MTL_ENABLE_DEBUG_INFO = NO;
				MTL_FAST_MATH = YES;
				SDKROOT = iphoneos;
				SWIFT_COMPILATION_MODE = wholemodule;
				SWIFT_OPTIMIZATION_LEVEL = "-O";
				VALIDATE_PRODUCT = YES;
			};
			name = Release;
		};
		CA8DBF6823550DDB00A1641B /* Debug */ = {
			isa = XCBuildConfiguration;
			baseConfigurationReference = 444C1A5CBF4B5810F20A7552 /* Pods-ipar.debug.xcconfig */;
			buildSettings = {
				ASSETCATALOG_COMPILER_APPICON_NAME = AppIcon;
				CODE_SIGN_STYLE = Automatic;
				DEVELOPMENT_TEAM = F6VA36V9B3;
				INFOPLIST_FILE = ipar/Info.plist;
				IPHONEOS_DEPLOYMENT_TARGET = 11.0;
				LD_RUNPATH_SEARCH_PATHS = (
					"$(inherited)",
					"@executable_path/Frameworks",
				);
				PRODUCT_BUNDLE_IDENTIFIER = com.banda.ipar;
				PRODUCT_NAME = "$(TARGET_NAME)";
				SWIFT_VERSION = 4.2;
				TARGETED_DEVICE_FAMILY = "1,2";
			};
			name = Debug;
		};
		CA8DBF6923550DDB00A1641B /* Release */ = {
			isa = XCBuildConfiguration;
			baseConfigurationReference = 7FA528CCC420BBBD9F80AB71 /* Pods-ipar.release.xcconfig */;
			buildSettings = {
				ASSETCATALOG_COMPILER_APPICON_NAME = AppIcon;
				CODE_SIGN_STYLE = Automatic;
				DEVELOPMENT_TEAM = F6VA36V9B3;
				INFOPLIST_FILE = ipar/Info.plist;
				IPHONEOS_DEPLOYMENT_TARGET = 11.0;
				LD_RUNPATH_SEARCH_PATHS = (
					"$(inherited)",
					"@executable_path/Frameworks",
				);
				PRODUCT_BUNDLE_IDENTIFIER = com.banda.ipar;
				PRODUCT_NAME = "$(TARGET_NAME)";
				SWIFT_VERSION = 4.2;
				TARGETED_DEVICE_FAMILY = "1,2";
			};
			name = Release;
		};
/* End XCBuildConfiguration section */

/* Begin XCConfigurationList section */
		CA8DBF4E23550DDA00A1641B /* Build configuration list for PBXProject "ipar" */ = {
			isa = XCConfigurationList;
			buildConfigurations = (
				CA8DBF6523550DDB00A1641B /* Debug */,
				CA8DBF6623550DDB00A1641B /* Release */,
			);
			defaultConfigurationIsVisible = 0;
			defaultConfigurationName = Release;
		};
		CA8DBF6723550DDB00A1641B /* Build configuration list for PBXNativeTarget "ipar" */ = {
			isa = XCConfigurationList;
			buildConfigurations = (
				CA8DBF6823550DDB00A1641B /* Debug */,
				CA8DBF6923550DDB00A1641B /* Release */,
			);
			defaultConfigurationIsVisible = 0;
			defaultConfigurationName = Release;
		};
/* End XCConfigurationList section */
	};
	rootObject = CA8DBF4B23550DDA00A1641B /* Project object */;
}
