PODS:
  - Alamofire (4.9.1)
  - ARCoreLocation (0.1.9)
  - KeychainSwift (17.0.0)
  - Kingfisher (4.10.1)
  - XLPagerTabStrip (9.0.0)

DEPENDENCIES:
  - Alamofire
  - ARCoreLocation
  - KeychainSwift (~> 17.0)
  - Kingfisher (~> 4.0)
  - XLPagerTabStrip (~> 9.0)

SPEC REPOS:
  https://github.com/cocoapods/specs.git:
    - Alamofire
    - ARCoreLocation
    - KeychainSwift
    - Kingfisher
    - XLPagerTabStrip

SPEC CHECKSUMS:
  Alamofire: 85e8a02c69d6020a0d734f6054870d7ecb75cf18
  ARCoreLocation: 40055217f8339952689fae363f54a7f015088a83
  KeychainSwift: 9f43f562dffc88af6efadb57d74b14c598eb337f
  Kingfisher: c148cd7b47ebde9989f6bc7c27dcaa79d81279a0
  XLPagerTabStrip: 61c57fd61f611ee5f01ff1495ad6fbee8bf496c5

PODFILE CHECKSUM: af95802e905cf6256e6e46c9b01a4c26d60aa02a

COCOAPODS: 1.5.3
